// !$*UTF8*$!
{
	archiveVersion = 1;
	classes = {
	};
	objectVersion = 46;
	objects = {

/* Begin PBXBuildFile section */
		430AA19816BCCEE10064D0DA /* UIKit.framework in Frameworks */ = {isa = PBXBuildFile; fileRef = 430AA19716BCCEE10064D0DA /* UIKit.framework */; };
		430AA19A16BCCEE10064D0DA /* Foundation.framework in Frameworks */ = {isa = PBXBuildFile; fileRef = 430AA19916BCCEE10064D0DA /* Foundation.framework */; };
		430AA19C16BCCEE10064D0DA /* CoreGraphics.framework in Frameworks */ = {isa = PBXBuildFile; fileRef = 430AA19B16BCCEE10064D0DA /* CoreGraphics.framework */; };
		430AA1A216BCCEE10064D0DA /* InfoPlist.strings in Resources */ = {isa = PBXBuildFile; fileRef = 430AA1A016BCCEE10064D0DA /* InfoPlist.strings */; };
		430AA1A416BCCEE10064D0DA /* main.m in Sources */ = {isa = PBXBuildFile; fileRef = 430AA1A316BCCEE10064D0DA /* main.m */; };
		430AA1A816BCCEE10064D0DA /* MHAppDelegate.m in Sources */ = {isa = PBXBuildFile; fileRef = 430AA1A716BCCEE10064D0DA /* MHAppDelegate.m */; };
		430AA1AA16BCCEE10064D0DA /* Default.png in Resources */ = {isa = PBXBuildFile; fileRef = 430AA1A916BCCEE10064D0DA /* Default.png */; };
		430AA1AC16BCCEE10064D0DA /* Default@2x.png in Resources */ = {isa = PBXBuildFile; fileRef = 430AA1AB16BCCEE10064D0DA /* Default@2x.png */; };
		430AA1AE16BCCEE10064D0DA /* Default-568h@2x.png in Resources */ = {isa = PBXBuildFile; fileRef = 430AA1AD16BCCEE10064D0DA /* Default-568h@2x.png */; };
		430AA1B116BCCEE10064D0DA /* MainStoryboard.storyboard in Resources */ = {isa = PBXBuildFile; fileRef = 430AA1AF16BCCEE10064D0DA /* MainStoryboard.storyboard */; };
		430AA1B416BCCEE10064D0DA /* MHViewController.m in Sources */ = {isa = PBXBuildFile; fileRef = 430AA1B316BCCEE10064D0DA /* MHViewController.m */; };
		430AA1BC16BCCEE10064D0DA /* SenTestingKit.framework in Frameworks */ = {isa = PBXBuildFile; fileRef = 430AA1BB16BCCEE10064D0DA /* SenTestingKit.framework */; };
		430AA1BD16BCCEE10064D0DA /* UIKit.framework in Frameworks */ = {isa = PBXBuildFile; fileRef = 430AA19716BCCEE10064D0DA /* UIKit.framework */; };
		430AA1BE16BCCEE10064D0DA /* Foundation.framework in Frameworks */ = {isa = PBXBuildFile; fileRef = 430AA19916BCCEE10064D0DA /* Foundation.framework */; };
		430AA1C616BCCEE10064D0DA /* InfoPlist.strings in Resources */ = {isa = PBXBuildFile; fileRef = 430AA1C416BCCEE10064D0DA /* InfoPlist.strings */; };
		430AA1C916BCCEE10064D0DA /* MHackberrithonTests.m in Sources */ = {isa = PBXBuildFile; fileRef = 430AA1C816BCCEE10064D0DA /* MHackberrithonTests.m */; };
		430AA32316BCEE450064D0DA /* liblept.a in Frameworks */ = {isa = PBXBuildFile; fileRef = 430AA32116BCEE450064D0DA /* liblept.a */; };
		430AA32416BCEE450064D0DA /* libtesseract_all.a in Frameworks */ = {isa = PBXBuildFile; fileRef = 430AA32216BCEE450064D0DA /* libtesseract_all.a */; };
		430AA32816BCEE500064D0DA /* Tesseract.mm in Sources */ = {isa = PBXBuildFile; fileRef = 430AA32716BCEE500064D0DA /* Tesseract.mm */; };
		430AA33616BCFD900064D0DA /* FacebookSDK.framework in Frameworks */ = {isa = PBXBuildFile; fileRef = 430AA33516BCFD900064D0DA /* FacebookSDK.framework */; };
		430AA33916BCFDF60064D0DA /* FacebookSDKResources.bundle in Resources */ = {isa = PBXBuildFile; fileRef = 430AA33816BCFDF60064D0DA /* FacebookSDKResources.bundle */; };
		430AA33D16BCFE730064D0DA /* Accounts.framework in Frameworks */ = {isa = PBXBuildFile; fileRef = 430AA33A16BCFE730064D0DA /* Accounts.framework */; };
		430AA33E16BCFE730064D0DA /* AdSupport.framework in Frameworks */ = {isa = PBXBuildFile; fileRef = 430AA33B16BCFE730064D0DA /* AdSupport.framework */; };
		430AA33F16BCFE730064D0DA /* Social.framework in Frameworks */ = {isa = PBXBuildFile; fileRef = 430AA33C16BCFE730064D0DA /* Social.framework */; };
		430AA34616BD01EF0064D0DA /* MHLoginViewController.m in Sources */ = {isa = PBXBuildFile; fileRef = 430AA34516BD01EF0064D0DA /* MHLoginViewController.m */; };
		430AA35A16BD2B510064D0DA /* MHViewController.xib in Resources */ = {isa = PBXBuildFile; fileRef = 430AA35916BD2B510064D0DA /* MHViewController.xib */; };
		430AA36416BD2D090064D0DA /* MHLoginViewController.xib in Resources */ = {isa = PBXBuildFile; fileRef = 430AA36316BD2D090064D0DA /* MHLoginViewController.xib */; };
		430AA37B16BD727A0064D0DA /* MHImageEditorViewController.m in Sources */ = {isa = PBXBuildFile; fileRef = 430AA37916BD727A0064D0DA /* MHImageEditorViewController.m */; };
		430AA37C16BD727A0064D0DA /* MHImageEditorViewController.xib in Resources */ = {isa = PBXBuildFile; fileRef = 430AA37A16BD727A0064D0DA /* MHImageEditorViewController.xib */; };
		430AA3DA16BE18A80064D0DA /* ASIAuthenticationDialog.m in Sources */ = {isa = PBXBuildFile; fileRef = 430AA3C716BE18A80064D0DA /* ASIAuthenticationDialog.m */; settings = {COMPILER_FLAGS = "-fno-objc-arc"; }; };
		430AA3DB16BE18A80064D0DA /* ASIDataCompressor.m in Sources */ = {isa = PBXBuildFile; fileRef = 430AA3CA16BE18A80064D0DA /* ASIDataCompressor.m */; settings = {COMPILER_FLAGS = "-fno-objc-arc"; }; };
		430AA3DC16BE18A80064D0DA /* ASIDataDecompressor.m in Sources */ = {isa = PBXBuildFile; fileRef = 430AA3CC16BE18A80064D0DA /* ASIDataDecompressor.m */; settings = {COMPILER_FLAGS = "-fno-objc-arc"; }; };
		430AA3DD16BE18A80064D0DA /* ASIDownloadCache.m in Sources */ = {isa = PBXBuildFile; fileRef = 430AA3CE16BE18A80064D0DA /* ASIDownloadCache.m */; settings = {COMPILER_FLAGS = "-fno-objc-arc"; }; };
		430AA3DE16BE18A80064D0DA /* ASIFormDataRequest.m in Sources */ = {isa = PBXBuildFile; fileRef = 430AA3D016BE18A80064D0DA /* ASIFormDataRequest.m */; settings = {COMPILER_FLAGS = "-fno-objc-arc"; }; };
		430AA3DF16BE18A80064D0DA /* ASIHTTPRequest.m in Sources */ = {isa = PBXBuildFile; fileRef = 430AA3D216BE18A80064D0DA /* ASIHTTPRequest.m */; settings = {COMPILER_FLAGS = "-fno-objc-arc"; }; };
		430AA3E016BE18A80064D0DA /* ASIInputStream.m in Sources */ = {isa = PBXBuildFile; fileRef = 430AA3D616BE18A80064D0DA /* ASIInputStream.m */; settings = {COMPILER_FLAGS = "-fno-objc-arc"; }; };
		430AA3E116BE18A80064D0DA /* ASINetworkQueue.m in Sources */ = {isa = PBXBuildFile; fileRef = 430AA3D816BE18A80064D0DA /* ASINetworkQueue.m */; settings = {COMPILER_FLAGS = "-fno-objc-arc"; }; };
		430AA3E416BE18B90064D0DA /* Reachability.m in Sources */ = {isa = PBXBuildFile; fileRef = 430AA3E316BE18B90064D0DA /* Reachability.m */; settings = {COMPILER_FLAGS = "-fno-objc-arc"; }; };
		430AA3E616BE19130064D0DA /* CFNetwork.framework in Frameworks */ = {isa = PBXBuildFile; fileRef = 430AA3E516BE19130064D0DA /* CFNetwork.framework */; };
		430AA3E816BE191F0064D0DA /* SystemConfiguration.framework in Frameworks */ = {isa = PBXBuildFile; fileRef = 430AA3E716BE191F0064D0DA /* SystemConfiguration.framework */; };
		430AA3EA16BE194E0064D0DA /* libz.dylib in Frameworks */ = {isa = PBXBuildFile; fileRef = 430AA3E916BE194E0064D0DA /* libz.dylib */; };
		430AA56616BE1D1C0064D0DA /* SBJsonParser.m in Sources */ = {isa = PBXBuildFile; fileRef = 430AA3F116BE1D1B0064D0DA /* SBJsonParser.m */; };
		430AA56716BE1D1C0064D0DA /* SBJsonStreamParser.m in Sources */ = {isa = PBXBuildFile; fileRef = 430AA3F316BE1D1B0064D0DA /* SBJsonStreamParser.m */; };
		430AA56816BE1D1C0064D0DA /* SBJsonStreamParserAccumulator.m in Sources */ = {isa = PBXBuildFile; fileRef = 430AA3F516BE1D1B0064D0DA /* SBJsonStreamParserAccumulator.m */; };
		430AA56916BE1D1C0064D0DA /* SBJsonStreamParserAdapter.m in Sources */ = {isa = PBXBuildFile; fileRef = 430AA3F716BE1D1B0064D0DA /* SBJsonStreamParserAdapter.m */; };
		430AA56A16BE1D1C0064D0DA /* SBJsonStreamParserState.m in Sources */ = {isa = PBXBuildFile; fileRef = 430AA3F916BE1D1B0064D0DA /* SBJsonStreamParserState.m */; };
		430AA56B16BE1D1C0064D0DA /* SBJsonStreamTokeniser.m in Sources */ = {isa = PBXBuildFile; fileRef = 430AA3FB16BE1D1B0064D0DA /* SBJsonStreamTokeniser.m */; };
		430AA56C16BE1D1C0064D0DA /* SBJsonStreamWriter.m in Sources */ = {isa = PBXBuildFile; fileRef = 430AA3FD16BE1D1B0064D0DA /* SBJsonStreamWriter.m */; };
		430AA56D16BE1D1C0064D0DA /* SBJsonStreamWriterAccumulator.m in Sources */ = {isa = PBXBuildFile; fileRef = 430AA3FF16BE1D1B0064D0DA /* SBJsonStreamWriterAccumulator.m */; };
		430AA56E16BE1D1C0064D0DA /* SBJsonStreamWriterState.m in Sources */ = {isa = PBXBuildFile; fileRef = 430AA40116BE1D1B0064D0DA /* SBJsonStreamWriterState.m */; };
		430AA56F16BE1D1C0064D0DA /* SBJsonWriter.m in Sources */ = {isa = PBXBuildFile; fileRef = 430AA40316BE1D1B0064D0DA /* SBJsonWriter.m */; };
		430AA57016BE1D1C0064D0DA /* AppledocSettings.plist in Resources */ = {isa = PBXBuildFile; fileRef = 430AA40516BE1D1B0064D0DA /* AppledocSettings.plist */; };
		430AA57116BE1D1C0064D0DA /* RegenerateApiDocumentation in Resources */ = {isa = PBXBuildFile; fileRef = 430AA40716BE1D1B0064D0DA /* RegenerateApiDocumentation */; };
		430AA57216BE1D1C0064D0DA /* RegenerateCredits in Resources */ = {isa = PBXBuildFile; fileRef = 430AA40816BE1D1B0064D0DA /* RegenerateCredits */; };
		430AA6EB16BE42810064D0DA /* MHSearchButton.m in Sources */ = {isa = PBXBuildFile; fileRef = 430AA6EA16BE42810064D0DA /* MHSearchButton.m */; };
		430AA6EF16BE42910064D0DA /* MHTypeIndicator.m in Sources */ = {isa = PBXBuildFile; fileRef = 430AA6EE16BE42910064D0DA /* MHTypeIndicator.m */; };
		430AA6F216BE42B20064D0DA /* MHFacebookSearchView.m in Sources */ = {isa = PBXBuildFile; fileRef = 430AA6F116BE42B20064D0DA /* MHFacebookSearchView.m */; };
		FC6B5D7D16BDE5D4003FE5A5 /* MHData.m in Sources */ = {isa = PBXBuildFile; fileRef = FC6B5D7C16BDE5D4003FE5A5 /* MHData.m */; };
		FC6B5D8316BDE606003FE5A5 /* MHRetakeCameraButton.m in Sources */ = {isa = PBXBuildFile; fileRef = FC6B5D8016BDE606003FE5A5 /* MHRetakeCameraButton.m */; };
		FC6B5D8616BDE634003FE5A5 /* MHBox.m in Sources */ = {isa = PBXBuildFile; fileRef = FC6B5D8516BDE634003FE5A5 /* MHBox.m */; };
		FC6B5D8916BDE657003FE5A5 /* MHWordLabel.m in Sources */ = {isa = PBXBuildFile; fileRef = FC6B5D8816BDE657003FE5A5 /* MHWordLabel.m */; };
		FC6B5D8C16BDF47E003FE5A5 /* MHInfoComplex.m in Sources */ = {isa = PBXBuildFile; fileRef = FC6B5D8B16BDF47E003FE5A5 /* MHInfoComplex.m */; };
		FC6B5D8F16BE0AA4003FE5A5 /* MHConfirmButtons.m in Sources */ = {isa = PBXBuildFile; fileRef = FC6B5D8E16BE0AA4003FE5A5 /* MHConfirmButtons.m */; };
		FC6B5D9216BE0ABE003FE5A5 /* MHRecognizedTextView.m in Sources */ = {isa = PBXBuildFile; fileRef = FC6B5D9116BE0ABE003FE5A5 /* MHRecognizedTextView.m */; };
		FC78D47516BD6820005B3CFF /* MHCameraMaskView.m in Sources */ = {isa = PBXBuildFile; fileRef = FC78D47416BD6820005B3CFF /* MHCameraMaskView.m */; };
		FC78D47816BD7441005B3CFF /* MHFreezeCameraButton.m in Sources */ = {isa = PBXBuildFile; fileRef = FC78D47716BD7441005B3CFF /* MHFreezeCameraButton.m */; };
		FC78D47B16BD83B0005B3CFF /* MHBoxesView.m in Sources */ = {isa = PBXBuildFile; fileRef = FC78D47A16BD83B0005B3CFF /* MHBoxesView.m */; };
		FC926AA316BCF53E00D8EF00 /* MHImagePickerController.m in Sources */ = {isa = PBXBuildFile; fileRef = FC926AA216BCF53E00D8EF00 /* MHImagePickerController.m */; };
		FCCEAAD316BCD40900317762 /* MHSmileyFace.m in Sources */ = {isa = PBXBuildFile; fileRef = FCCEAAD216BCD40900317762 /* MHSmileyFace.m */; };
		FCCEAAE816BCE40700317762 /* MobileCoreServices.framework in Frameworks */ = {isa = PBXBuildFile; fileRef = FCCEAAE716BCE40700317762 /* MobileCoreServices.framework */; };
		FCCEAAEF16BCE4FB00317762 /* HBOverlayView.m in Sources */ = {isa = PBXBuildFile; fileRef = FCCEAAEA16BCE4FB00317762 /* HBOverlayView.m */; };
		FCCEAAF416BCE53D00317762 /* overlaygraphic.png in Resources */ = {isa = PBXBuildFile; fileRef = FCCEAAF216BCE53D00317762 /* overlaygraphic.png */; };
		FCCEAAF516BCE53D00317762 /* scanbutton.png in Resources */ = {isa = PBXBuildFile; fileRef = FCCEAAF316BCE53D00317762 /* scanbutton.png */; };
		FCCEAAF816BCECA600317762 /* eng.traineddata in Resources */ = {isa = PBXBuildFile; fileRef = FCCEAAF616BCECA600317762 /* eng.traineddata */; };
		FCCEAAF916BCECA600317762 /* sample1.jpg in Resources */ = {isa = PBXBuildFile; fileRef = FCCEAAF716BCECA600317762 /* sample1.jpg */; };
/* End PBXBuildFile section */

/* Begin PBXContainerItemProxy section */
		430AA1BF16BCCEE10064D0DA /* PBXContainerItemProxy */ = {
			isa = PBXContainerItemProxy;
			containerPortal = 430AA18A16BCCEE10064D0DA /* Project object */;
			proxyType = 1;
			remoteGlobalIDString = 430AA19216BCCEE10064D0DA;
			remoteInfo = MHackberrithon;
		};
/* End PBXContainerItemProxy section */

/* Begin PBXFileReference section */
		430AA19316BCCEE10064D0DA /* MHackberrithon.app */ = {isa = PBXFileReference; explicitFileType = wrapper.application; includeInIndex = 0; path = MHackberrithon.app; sourceTree = BUILT_PRODUCTS_DIR; };
		430AA19716BCCEE10064D0DA /* UIKit.framework */ = {isa = PBXFileReference; lastKnownFileType = wrapper.framework; name = UIKit.framework; path = System/Library/Frameworks/UIKit.framework; sourceTree = SDKROOT; };
		430AA19916BCCEE10064D0DA /* Foundation.framework */ = {isa = PBXFileReference; lastKnownFileType = wrapper.framework; name = Foundation.framework; path = System/Library/Frameworks/Foundation.framework; sourceTree = SDKROOT; };
		430AA19B16BCCEE10064D0DA /* CoreGraphics.framework */ = {isa = PBXFileReference; lastKnownFileType = wrapper.framework; name = CoreGraphics.framework; path = System/Library/Frameworks/CoreGraphics.framework; sourceTree = SDKROOT; };
		430AA19F16BCCEE10064D0DA /* MHackberrithon-Info.plist */ = {isa = PBXFileReference; lastKnownFileType = text.plist.xml; path = "MHackberrithon-Info.plist"; sourceTree = "<group>"; };
		430AA1A116BCCEE10064D0DA /* en */ = {isa = PBXFileReference; lastKnownFileType = text.plist.strings; name = en; path = en.lproj/InfoPlist.strings; sourceTree = "<group>"; };
		430AA1A316BCCEE10064D0DA /* main.m */ = {isa = PBXFileReference; lastKnownFileType = sourcecode.c.objc; path = main.m; sourceTree = "<group>"; };
		430AA1A516BCCEE10064D0DA /* MHackberrithon-Prefix.pch */ = {isa = PBXFileReference; lastKnownFileType = sourcecode.c.h; path = "MHackberrithon-Prefix.pch"; sourceTree = "<group>"; };
		430AA1A616BCCEE10064D0DA /* MHAppDelegate.h */ = {isa = PBXFileReference; lastKnownFileType = sourcecode.c.h; path = MHAppDelegate.h; sourceTree = "<group>"; };
		430AA1A716BCCEE10064D0DA /* MHAppDelegate.m */ = {isa = PBXFileReference; lastKnownFileType = sourcecode.c.objc; path = MHAppDelegate.m; sourceTree = "<group>"; };
		430AA1A916BCCEE10064D0DA /* Default.png */ = {isa = PBXFileReference; lastKnownFileType = image.png; path = Default.png; sourceTree = "<group>"; };
		430AA1AB16BCCEE10064D0DA /* Default@2x.png */ = {isa = PBXFileReference; lastKnownFileType = image.png; path = "Default@2x.png"; sourceTree = "<group>"; };
		430AA1AD16BCCEE10064D0DA /* Default-568h@2x.png */ = {isa = PBXFileReference; lastKnownFileType = image.png; path = "Default-568h@2x.png"; sourceTree = "<group>"; };
		430AA1B016BCCEE10064D0DA /* en */ = {isa = PBXFileReference; lastKnownFileType = file.storyboard; name = en; path = en.lproj/MainStoryboard.storyboard; sourceTree = "<group>"; };
		430AA1B216BCCEE10064D0DA /* MHViewController.h */ = {isa = PBXFileReference; lastKnownFileType = sourcecode.c.h; path = MHViewController.h; sourceTree = "<group>"; };
		430AA1B316BCCEE10064D0DA /* MHViewController.m */ = {isa = PBXFileReference; lastKnownFileType = sourcecode.c.objc; path = MHViewController.m; sourceTree = "<group>"; };
		430AA1BA16BCCEE10064D0DA /* MHackberrithonTests.octest */ = {isa = PBXFileReference; explicitFileType = wrapper.cfbundle; includeInIndex = 0; path = MHackberrithonTests.octest; sourceTree = BUILT_PRODUCTS_DIR; };
		430AA1BB16BCCEE10064D0DA /* SenTestingKit.framework */ = {isa = PBXFileReference; lastKnownFileType = wrapper.framework; name = SenTestingKit.framework; path = Library/Frameworks/SenTestingKit.framework; sourceTree = DEVELOPER_DIR; };
		430AA1C316BCCEE10064D0DA /* MHackberrithonTests-Info.plist */ = {isa = PBXFileReference; lastKnownFileType = text.plist.xml; path = "MHackberrithonTests-Info.plist"; sourceTree = "<group>"; };
		430AA1C516BCCEE10064D0DA /* en */ = {isa = PBXFileReference; lastKnownFileType = text.plist.strings; name = en; path = en.lproj/InfoPlist.strings; sourceTree = "<group>"; };
		430AA1C716BCCEE10064D0DA /* MHackberrithonTests.h */ = {isa = PBXFileReference; lastKnownFileType = sourcecode.c.h; path = MHackberrithonTests.h; sourceTree = "<group>"; };
		430AA1C816BCCEE10064D0DA /* MHackberrithonTests.m */ = {isa = PBXFileReference; lastKnownFileType = sourcecode.c.objc; path = MHackberrithonTests.m; sourceTree = "<group>"; };
		430AA29016BCEE450064D0DA /* allheaders.h */ = {isa = PBXFileReference; fileEncoding = 4; lastKnownFileType = sourcecode.c.h; path = allheaders.h; sourceTree = "<group>"; };
		430AA29116BCEE450064D0DA /* alltypes.h */ = {isa = PBXFileReference; fileEncoding = 4; lastKnownFileType = sourcecode.c.h; path = alltypes.h; sourceTree = "<group>"; };
		430AA29216BCEE450064D0DA /* array.h */ = {isa = PBXFileReference; fileEncoding = 4; lastKnownFileType = sourcecode.c.h; path = array.h; sourceTree = "<group>"; };
		430AA29316BCEE450064D0DA /* arrayaccess.h */ = {isa = PBXFileReference; fileEncoding = 4; lastKnownFileType = sourcecode.c.h; path = arrayaccess.h; sourceTree = "<group>"; };
		430AA29416BCEE450064D0DA /* bbuffer.h */ = {isa = PBXFileReference; fileEncoding = 4; lastKnownFileType = sourcecode.c.h; path = bbuffer.h; sourceTree = "<group>"; };
		430AA29516BCEE450064D0DA /* bmf.h */ = {isa = PBXFileReference; fileEncoding = 4; lastKnownFileType = sourcecode.c.h; path = bmf.h; sourceTree = "<group>"; };
		430AA29616BCEE450064D0DA /* bmp.h */ = {isa = PBXFileReference; fileEncoding = 4; lastKnownFileType = sourcecode.c.h; path = bmp.h; sourceTree = "<group>"; };
		430AA29716BCEE450064D0DA /* ccbord.h */ = {isa = PBXFileReference; fileEncoding = 4; lastKnownFileType = sourcecode.c.h; path = ccbord.h; sourceTree = "<group>"; };
		430AA29816BCEE450064D0DA /* dewarp.h */ = {isa = PBXFileReference; fileEncoding = 4; lastKnownFileType = sourcecode.c.h; path = dewarp.h; sourceTree = "<group>"; };
		430AA29916BCEE450064D0DA /* endianness.h */ = {isa = PBXFileReference; fileEncoding = 4; lastKnownFileType = sourcecode.c.h; path = endianness.h; sourceTree = "<group>"; };
		430AA29A16BCEE450064D0DA /* environ.h */ = {isa = PBXFileReference; fileEncoding = 4; lastKnownFileType = sourcecode.c.h; path = environ.h; sourceTree = "<group>"; };
		430AA29B16BCEE450064D0DA /* freetype.h */ = {isa = PBXFileReference; fileEncoding = 4; lastKnownFileType = sourcecode.c.h; path = freetype.h; sourceTree = "<group>"; };
		430AA29C16BCEE450064D0DA /* gplot.h */ = {isa = PBXFileReference; fileEncoding = 4; lastKnownFileType = sourcecode.c.h; path = gplot.h; sourceTree = "<group>"; };
		430AA29D16BCEE450064D0DA /* heap.h */ = {isa = PBXFileReference; fileEncoding = 4; lastKnownFileType = sourcecode.c.h; path = heap.h; sourceTree = "<group>"; };
		430AA29E16BCEE450064D0DA /* imageio.h */ = {isa = PBXFileReference; fileEncoding = 4; lastKnownFileType = sourcecode.c.h; path = imageio.h; sourceTree = "<group>"; };
		430AA29F16BCEE450064D0DA /* jbclass.h */ = {isa = PBXFileReference; fileEncoding = 4; lastKnownFileType = sourcecode.c.h; path = jbclass.h; sourceTree = "<group>"; };
		430AA2A016BCEE450064D0DA /* leptwin.h */ = {isa = PBXFileReference; fileEncoding = 4; lastKnownFileType = sourcecode.c.h; path = leptwin.h; sourceTree = "<group>"; };
		430AA2A116BCEE450064D0DA /* list.h */ = {isa = PBXFileReference; fileEncoding = 4; lastKnownFileType = sourcecode.c.h; path = list.h; sourceTree = "<group>"; };
		430AA2A216BCEE450064D0DA /* morph.h */ = {isa = PBXFileReference; fileEncoding = 4; lastKnownFileType = sourcecode.c.h; path = morph.h; sourceTree = "<group>"; };
		430AA2A316BCEE450064D0DA /* pix.h */ = {isa = PBXFileReference; fileEncoding = 4; lastKnownFileType = sourcecode.c.h; path = pix.h; sourceTree = "<group>"; };
		430AA2A416BCEE450064D0DA /* ptra.h */ = {isa = PBXFileReference; fileEncoding = 4; lastKnownFileType = sourcecode.c.h; path = ptra.h; sourceTree = "<group>"; };
		430AA2A516BCEE450064D0DA /* queue.h */ = {isa = PBXFileReference; fileEncoding = 4; lastKnownFileType = sourcecode.c.h; path = queue.h; sourceTree = "<group>"; };
		430AA2A616BCEE450064D0DA /* readbarcode.h */ = {isa = PBXFileReference; fileEncoding = 4; lastKnownFileType = sourcecode.c.h; path = readbarcode.h; sourceTree = "<group>"; };
		430AA2A716BCEE450064D0DA /* regutils.h */ = {isa = PBXFileReference; fileEncoding = 4; lastKnownFileType = sourcecode.c.h; path = regutils.h; sourceTree = "<group>"; };
		430AA2A816BCEE450064D0DA /* stack.h */ = {isa = PBXFileReference; fileEncoding = 4; lastKnownFileType = sourcecode.c.h; path = stack.h; sourceTree = "<group>"; };
		430AA2A916BCEE450064D0DA /* sudoku.h */ = {isa = PBXFileReference; fileEncoding = 4; lastKnownFileType = sourcecode.c.h; path = sudoku.h; sourceTree = "<group>"; };
		430AA2AA16BCEE450064D0DA /* watershed.h */ = {isa = PBXFileReference; fileEncoding = 4; lastKnownFileType = sourcecode.c.h; path = watershed.h; sourceTree = "<group>"; };
		430AA2AC16BCEE450064D0DA /* ambigs.h */ = {isa = PBXFileReference; fileEncoding = 4; lastKnownFileType = sourcecode.c.h; path = ambigs.h; sourceTree = "<group>"; };
		430AA2AD16BCEE450064D0DA /* apitypes.h */ = {isa = PBXFileReference; fileEncoding = 4; lastKnownFileType = sourcecode.c.h; path = apitypes.h; sourceTree = "<group>"; };
		430AA2AE16BCEE450064D0DA /* baseapi.h */ = {isa = PBXFileReference; fileEncoding = 4; lastKnownFileType = sourcecode.c.h; path = baseapi.h; sourceTree = "<group>"; };
		430AA2AF16BCEE450064D0DA /* basedir.h */ = {isa = PBXFileReference; fileEncoding = 4; lastKnownFileType = sourcecode.c.h; path = basedir.h; sourceTree = "<group>"; };
		430AA2B016BCEE450064D0DA /* bits16.h */ = {isa = PBXFileReference; fileEncoding = 4; lastKnownFileType = sourcecode.c.h; path = bits16.h; sourceTree = "<group>"; };
		430AA2B116BCEE450064D0DA /* bitvector.h */ = {isa = PBXFileReference; fileEncoding = 4; lastKnownFileType = sourcecode.c.h; path = bitvector.h; sourceTree = "<group>"; };
		430AA2B216BCEE450064D0DA /* blckerr.h */ = {isa = PBXFileReference; fileEncoding = 4; lastKnownFileType = sourcecode.c.h; path = blckerr.h; sourceTree = "<group>"; };
		430AA2B316BCEE450064D0DA /* blobbox.h */ = {isa = PBXFileReference; fileEncoding = 4; lastKnownFileType = sourcecode.c.h; path = blobbox.h; sourceTree = "<group>"; };
		430AA2B416BCEE450064D0DA /* blobs.h */ = {isa = PBXFileReference; fileEncoding = 4; lastKnownFileType = sourcecode.c.h; path = blobs.h; sourceTree = "<group>"; };
		430AA2B516BCEE450064D0DA /* blread.h */ = {isa = PBXFileReference; fileEncoding = 4; lastKnownFileType = sourcecode.c.h; path = blread.h; sourceTree = "<group>"; };
		430AA2B616BCEE450064D0DA /* boxread.h */ = {isa = PBXFileReference; fileEncoding = 4; lastKnownFileType = sourcecode.c.h; path = boxread.h; sourceTree = "<group>"; };
		430AA2B716BCEE450064D0DA /* boxword.h */ = {isa = PBXFileReference; fileEncoding = 4; lastKnownFileType = sourcecode.c.h; path = boxword.h; sourceTree = "<group>"; };
		430AA2B816BCEE450064D0DA /* capi.h */ = {isa = PBXFileReference; fileEncoding = 4; lastKnownFileType = sourcecode.c.h; path = capi.h; sourceTree = "<group>"; };
		430AA2B916BCEE450064D0DA /* ccstruct.h */ = {isa = PBXFileReference; fileEncoding = 4; lastKnownFileType = sourcecode.c.h; path = ccstruct.h; sourceTree = "<group>"; };
		430AA2BA16BCEE450064D0DA /* ccutil.h */ = {isa = PBXFileReference; fileEncoding = 4; lastKnownFileType = sourcecode.c.h; path = ccutil.h; sourceTree = "<group>"; };
		430AA2BB16BCEE450064D0DA /* clst.h */ = {isa = PBXFileReference; fileEncoding = 4; lastKnownFileType = sourcecode.c.h; path = clst.h; sourceTree = "<group>"; };
		430AA2BC16BCEE450064D0DA /* control.h */ = {isa = PBXFileReference; fileEncoding = 4; lastKnownFileType = sourcecode.c.h; path = control.h; sourceTree = "<group>"; };
		430AA2BD16BCEE450064D0DA /* coutln.h */ = {isa = PBXFileReference; fileEncoding = 4; lastKnownFileType = sourcecode.c.h; path = coutln.h; sourceTree = "<group>"; };
		430AA2BE16BCEE450064D0DA /* crakedge.h */ = {isa = PBXFileReference; fileEncoding = 4; lastKnownFileType = sourcecode.c.h; path = crakedge.h; sourceTree = "<group>"; };
		430AA2BF16BCEE450064D0DA /* cube_reco_context.h */ = {isa = PBXFileReference; fileEncoding = 4; lastKnownFileType = sourcecode.c.h; path = cube_reco_context.h; sourceTree = "<group>"; };
		430AA2C016BCEE450064D0DA /* cubeclassifier.h */ = {isa = PBXFileReference; fileEncoding = 4; lastKnownFileType = sourcecode.c.h; path = cubeclassifier.h; sourceTree = "<group>"; };
		430AA2C116BCEE450064D0DA /* detlinefit.h */ = {isa = PBXFileReference; fileEncoding = 4; lastKnownFileType = sourcecode.c.h; path = detlinefit.h; sourceTree = "<group>"; };
		430AA2C216BCEE450064D0DA /* docqual.h */ = {isa = PBXFileReference; fileEncoding = 4; lastKnownFileType = sourcecode.c.h; path = docqual.h; sourceTree = "<group>"; };
		430AA2C316BCEE450064D0DA /* dppoint.h */ = {isa = PBXFileReference; fileEncoding = 4; lastKnownFileType = sourcecode.c.h; path = dppoint.h; sourceTree = "<group>"; };
		430AA2C416BCEE450064D0DA /* elst.h */ = {isa = PBXFileReference; fileEncoding = 4; lastKnownFileType = sourcecode.c.h; path = elst.h; sourceTree = "<group>"; };
		430AA2C516BCEE450064D0DA /* elst2.h */ = {isa = PBXFileReference; fileEncoding = 4; lastKnownFileType = sourcecode.c.h; path = elst2.h; sourceTree = "<group>"; };
		430AA2C616BCEE450064D0DA /* equationdetect.h */ = {isa = PBXFileReference; fileEncoding = 4; lastKnownFileType = sourcecode.c.h; path = equationdetect.h; sourceTree = "<group>"; };
		430AA2C716BCEE450064D0DA /* errcode.h */ = {isa = PBXFileReference; fileEncoding = 4; lastKnownFileType = sourcecode.c.h; path = errcode.h; sourceTree = "<group>"; };
		430AA2C816BCEE450064D0DA /* fileerr.h */ = {isa = PBXFileReference; fileEncoding = 4; lastKnownFileType = sourcecode.c.h; path = fileerr.h; sourceTree = "<group>"; };
		430AA2C916BCEE450064D0DA /* fixspace.h */ = {isa = PBXFileReference; fileEncoding = 4; lastKnownFileType = sourcecode.c.h; path = fixspace.h; sourceTree = "<group>"; };
		430AA2CA16BCEE450064D0DA /* fontinfo.h */ = {isa = PBXFileReference; fileEncoding = 4; lastKnownFileType = sourcecode.c.h; path = fontinfo.h; sourceTree = "<group>"; };
		430AA2CB16BCEE450064D0DA /* genblob.h */ = {isa = PBXFileReference; fileEncoding = 4; lastKnownFileType = sourcecode.c.h; path = genblob.h; sourceTree = "<group>"; };
		430AA2CC16BCEE450064D0DA /* genericvector.h */ = {isa = PBXFileReference; fileEncoding = 4; lastKnownFileType = sourcecode.c.h; path = genericvector.h; sourceTree = "<group>"; };
		430AA2CD16BCEE450064D0DA /* globaloc.h */ = {isa = PBXFileReference; fileEncoding = 4; lastKnownFileType = sourcecode.c.h; path = globaloc.h; sourceTree = "<group>"; };
		430AA2CE16BCEE450064D0DA /* hashfn.h */ = {isa = PBXFileReference; fileEncoding = 4; lastKnownFileType = sourcecode.c.h; path = hashfn.h; sourceTree = "<group>"; };
		430AA2CF16BCEE450064D0DA /* helpers.h */ = {isa = PBXFileReference; fileEncoding = 4; lastKnownFileType = sourcecode.c.h; path = helpers.h; sourceTree = "<group>"; };
		430AA2D016BCEE450064D0DA /* host.h */ = {isa = PBXFileReference; fileEncoding = 4; lastKnownFileType = sourcecode.c.h; path = host.h; sourceTree = "<group>"; };
		430AA2D116BCEE450064D0DA /* hosthplb.h */ = {isa = PBXFileReference; fileEncoding = 4; lastKnownFileType = sourcecode.c.h; path = hosthplb.h; sourceTree = "<group>"; };
		430AA2D216BCEE450064D0DA /* hpddef.h */ = {isa = PBXFileReference; fileEncoding = 4; lastKnownFileType = sourcecode.c.h; path = hpddef.h; sourceTree = "<group>"; };
		430AA2D316BCEE450064D0DA /* hpdsizes.h */ = {isa = PBXFileReference; fileEncoding = 4; lastKnownFileType = sourcecode.c.h; path = hpdsizes.h; sourceTree = "<group>"; };
		430AA2D416BCEE450064D0DA /* imgscale.h */ = {isa = PBXFileReference; fileEncoding = 4; lastKnownFileType = sourcecode.c.h; path = imgscale.h; sourceTree = "<group>"; };
		430AA2D516BCEE450064D0DA /* indexmapbidi.h */ = {isa = PBXFileReference; fileEncoding = 4; lastKnownFileType = sourcecode.c.h; path = indexmapbidi.h; sourceTree = "<group>"; };
		430AA2D616BCEE450064D0DA /* ipoints.h */ = {isa = PBXFileReference; fileEncoding = 4; lastKnownFileType = sourcecode.c.h; path = ipoints.h; sourceTree = "<group>"; };
		430AA2D716BCEE450064D0DA /* linlsq.h */ = {isa = PBXFileReference; fileEncoding = 4; lastKnownFileType = sourcecode.c.h; path = linlsq.h; sourceTree = "<group>"; };
		430AA2D816BCEE450064D0DA /* lsterr.h */ = {isa = PBXFileReference; fileEncoding = 4; lastKnownFileType = sourcecode.c.h; path = lsterr.h; sourceTree = "<group>"; };
		430AA2D916BCEE450064D0DA /* ltrresultiterator.h */ = {isa = PBXFileReference; fileEncoding = 4; lastKnownFileType = sourcecode.c.h; path = ltrresultiterator.h; sourceTree = "<group>"; };
		430AA2DA16BCEE450064D0DA /* matrix.h */ = {isa = PBXFileReference; fileEncoding = 4; lastKnownFileType = sourcecode.c.h; path = matrix.h; sourceTree = "<group>"; };
		430AA2DB16BCEE450064D0DA /* memry.h */ = {isa = PBXFileReference; fileEncoding = 4; lastKnownFileType = sourcecode.c.h; path = memry.h; sourceTree = "<group>"; };
		430AA2DC16BCEE450064D0DA /* mfcpch.h */ = {isa = PBXFileReference; fileEncoding = 4; lastKnownFileType = sourcecode.c.h; path = mfcpch.h; sourceTree = "<group>"; };
		430AA2DD16BCEE450064D0DA /* mod128.h */ = {isa = PBXFileReference; fileEncoding = 4; lastKnownFileType = sourcecode.c.h; path = mod128.h; sourceTree = "<group>"; };
		430AA2DE16BCEE450064D0DA /* mutableiterator.h */ = {isa = PBXFileReference; fileEncoding = 4; lastKnownFileType = sourcecode.c.h; path = mutableiterator.h; sourceTree = "<group>"; };
		430AA2DF16BCEE450064D0DA /* ndminx.h */ = {isa = PBXFileReference; fileEncoding = 4; lastKnownFileType = sourcecode.c.h; path = ndminx.h; sourceTree = "<group>"; };
		430AA2E016BCEE450064D0DA /* normalis.h */ = {isa = PBXFileReference; fileEncoding = 4; lastKnownFileType = sourcecode.c.h; path = normalis.h; sourceTree = "<group>"; };
		430AA2E116BCEE450064D0DA /* notdll.h */ = {isa = PBXFileReference; fileEncoding = 4; lastKnownFileType = sourcecode.c.h; path = notdll.h; sourceTree = "<group>"; };
		430AA2E216BCEE450064D0DA /* nwmain.h */ = {isa = PBXFileReference; fileEncoding = 4; lastKnownFileType = sourcecode.c.h; path = nwmain.h; sourceTree = "<group>"; };
		430AA2E316BCEE450064D0DA /* ocrblock.h */ = {isa = PBXFileReference; fileEncoding = 4; lastKnownFileType = sourcecode.c.h; path = ocrblock.h; sourceTree = "<group>"; };
		430AA2E416BCEE450064D0DA /* ocrclass.h */ = {isa = PBXFileReference; fileEncoding = 4; lastKnownFileType = sourcecode.c.h; path = ocrclass.h; sourceTree = "<group>"; };
		430AA2E516BCEE450064D0DA /* ocrpara.h */ = {isa = PBXFileReference; fileEncoding = 4; lastKnownFileType = sourcecode.c.h; path = ocrpara.h; sourceTree = "<group>"; };
		430AA2E616BCEE450064D0DA /* ocrrow.h */ = {isa = PBXFileReference; fileEncoding = 4; lastKnownFileType = sourcecode.c.h; path = ocrrow.h; sourceTree = "<group>"; };
		430AA2E716BCEE450064D0DA /* osdetect.h */ = {isa = PBXFileReference; fileEncoding = 4; lastKnownFileType = sourcecode.c.h; path = osdetect.h; sourceTree = "<group>"; };
		430AA2E816BCEE450064D0DA /* otsuthr.h */ = {isa = PBXFileReference; fileEncoding = 4; lastKnownFileType = sourcecode.c.h; path = otsuthr.h; sourceTree = "<group>"; };
		430AA2E916BCEE450064D0DA /* output.h */ = {isa = PBXFileReference; fileEncoding = 4; lastKnownFileType = sourcecode.c.h; path = output.h; sourceTree = "<group>"; };
		430AA2EA16BCEE450064D0DA /* pageiterator.h */ = {isa = PBXFileReference; fileEncoding = 4; lastKnownFileType = sourcecode.c.h; path = pageiterator.h; sourceTree = "<group>"; };
		430AA2EB16BCEE450064D0DA /* pageres.h */ = {isa = PBXFileReference; fileEncoding = 4; lastKnownFileType = sourcecode.c.h; path = pageres.h; sourceTree = "<group>"; };
		430AA2EC16BCEE450064D0DA /* paragraphs.h */ = {isa = PBXFileReference; fileEncoding = 4; lastKnownFileType = sourcecode.c.h; path = paragraphs.h; sourceTree = "<group>"; };
		430AA2ED16BCEE450064D0DA /* paragraphs_internal.h */ = {isa = PBXFileReference; fileEncoding = 4; lastKnownFileType = sourcecode.c.h; path = paragraphs_internal.h; sourceTree = "<group>"; };
		430AA2EE16BCEE450064D0DA /* params.h */ = {isa = PBXFileReference; fileEncoding = 4; lastKnownFileType = sourcecode.c.h; path = params.h; sourceTree = "<group>"; };
		430AA2EF16BCEE450064D0DA /* params_training_featdef.h */ = {isa = PBXFileReference; fileEncoding = 4; lastKnownFileType = sourcecode.c.h; path = params_training_featdef.h; sourceTree = "<group>"; };
		430AA2F016BCEE450064D0DA /* paramsd.h */ = {isa = PBXFileReference; fileEncoding = 4; lastKnownFileType = sourcecode.c.h; path = paramsd.h; sourceTree = "<group>"; };
		430AA2F116BCEE450064D0DA /* pdblock.h */ = {isa = PBXFileReference; fileEncoding = 4; lastKnownFileType = sourcecode.c.h; path = pdblock.h; sourceTree = "<group>"; };
		430AA2F216BCEE450064D0DA /* pgedit.h */ = {isa = PBXFileReference; fileEncoding = 4; lastKnownFileType = sourcecode.c.h; path = pgedit.h; sourceTree = "<group>"; };
		430AA2F316BCEE450064D0DA /* platform.h */ = {isa = PBXFileReference; fileEncoding = 4; lastKnownFileType = sourcecode.c.h; path = platform.h; sourceTree = "<group>"; };
		430AA2F416BCEE450064D0DA /* points.h */ = {isa = PBXFileReference; fileEncoding = 4; lastKnownFileType = sourcecode.c.h; path = points.h; sourceTree = "<group>"; };
		430AA2F516BCEE450064D0DA /* polyaprx.h */ = {isa = PBXFileReference; fileEncoding = 4; lastKnownFileType = sourcecode.c.h; path = polyaprx.h; sourceTree = "<group>"; };
		430AA2F616BCEE450064D0DA /* polyblk.h */ = {isa = PBXFileReference; fileEncoding = 4; lastKnownFileType = sourcecode.c.h; path = polyblk.h; sourceTree = "<group>"; };
		430AA2F716BCEE450064D0DA /* publictypes.h */ = {isa = PBXFileReference; fileEncoding = 4; lastKnownFileType = sourcecode.c.h; path = publictypes.h; sourceTree = "<group>"; };
		430AA2F816BCEE450064D0DA /* qrsequence.h */ = {isa = PBXFileReference; fileEncoding = 4; lastKnownFileType = sourcecode.c.h; path = qrsequence.h; sourceTree = "<group>"; };
		430AA2F916BCEE450064D0DA /* quadlsq.h */ = {isa = PBXFileReference; fileEncoding = 4; lastKnownFileType = sourcecode.c.h; path = quadlsq.h; sourceTree = "<group>"; };
		430AA2FA16BCEE450064D0DA /* quadratc.h */ = {isa = PBXFileReference; fileEncoding = 4; lastKnownFileType = sourcecode.c.h; path = quadratc.h; sourceTree = "<group>"; };
		430AA2FB16BCEE450064D0DA /* quspline.h */ = {isa = PBXFileReference; fileEncoding = 4; lastKnownFileType = sourcecode.c.h; path = quspline.h; sourceTree = "<group>"; };
		430AA2FC16BCEE450064D0DA /* ratngs.h */ = {isa = PBXFileReference; fileEncoding = 4; lastKnownFileType = sourcecode.c.h; path = ratngs.h; sourceTree = "<group>"; };
		430AA2FD16BCEE450064D0DA /* rect.h */ = {isa = PBXFileReference; fileEncoding = 4; lastKnownFileType = sourcecode.c.h; path = rect.h; sourceTree = "<group>"; };
		430AA2FE16BCEE450064D0DA /* rejctmap.h */ = {isa = PBXFileReference; fileEncoding = 4; lastKnownFileType = sourcecode.c.h; path = rejctmap.h; sourceTree = "<group>"; };
		430AA2FF16BCEE450064D0DA /* reject.h */ = {isa = PBXFileReference; fileEncoding = 4; lastKnownFileType = sourcecode.c.h; path = reject.h; sourceTree = "<group>"; };
		430AA30016BCEE450064D0DA /* resultiterator.h */ = {isa = PBXFileReference; fileEncoding = 4; lastKnownFileType = sourcecode.c.h; path = resultiterator.h; sourceTree = "<group>"; };
		430AA30116BCEE450064D0DA /* scaleimg.h */ = {isa = PBXFileReference; fileEncoding = 4; lastKnownFileType = sourcecode.c.h; path = scaleimg.h; sourceTree = "<group>"; };
		430AA30216BCEE450064D0DA /* scanutils.h */ = {isa = PBXFileReference; fileEncoding = 4; lastKnownFileType = sourcecode.c.h; path = scanutils.h; sourceTree = "<group>"; };
		430AA30316BCEE450064D0DA /* seam.h */ = {isa = PBXFileReference; fileEncoding = 4; lastKnownFileType = sourcecode.c.h; path = seam.h; sourceTree = "<group>"; };
		430AA30416BCEE450064D0DA /* secname.h */ = {isa = PBXFileReference; fileEncoding = 4; lastKnownFileType = sourcecode.c.h; path = secname.h; sourceTree = "<group>"; };
		430AA30516BCEE450064D0DA /* serialis.h */ = {isa = PBXFileReference; fileEncoding = 4; lastKnownFileType = sourcecode.c.h; path = serialis.h; sourceTree = "<group>"; };
		430AA30616BCEE450064D0DA /* sorthelper.h */ = {isa = PBXFileReference; fileEncoding = 4; lastKnownFileType = sourcecode.c.h; path = sorthelper.h; sourceTree = "<group>"; };
		430AA30716BCEE450064D0DA /* split.h */ = {isa = PBXFileReference; fileEncoding = 4; lastKnownFileType = sourcecode.c.h; path = split.h; sourceTree = "<group>"; };
		430AA30816BCEE450064D0DA /* statistc.h */ = {isa = PBXFileReference; fileEncoding = 4; lastKnownFileType = sourcecode.c.h; path = statistc.h; sourceTree = "<group>"; };
		430AA30916BCEE450064D0DA /* stderr.h */ = {isa = PBXFileReference; fileEncoding = 4; lastKnownFileType = sourcecode.c.h; path = stderr.h; sourceTree = "<group>"; };
		430AA30A16BCEE450064D0DA /* stepblob.h */ = {isa = PBXFileReference; fileEncoding = 4; lastKnownFileType = sourcecode.c.h; path = stepblob.h; sourceTree = "<group>"; };
		430AA30B16BCEE450064D0DA /* strngs.h */ = {isa = PBXFileReference; fileEncoding = 4; lastKnownFileType = sourcecode.c.h; path = strngs.h; sourceTree = "<group>"; };
		430AA30C16BCEE450064D0DA /* tessbox.h */ = {isa = PBXFileReference; fileEncoding = 4; lastKnownFileType = sourcecode.c.h; path = tessbox.h; sourceTree = "<group>"; };
		430AA30D16BCEE450064D0DA /* tesscallback.h */ = {isa = PBXFileReference; fileEncoding = 4; lastKnownFileType = sourcecode.c.h; path = tesscallback.h; sourceTree = "<group>"; };
		430AA30E16BCEE450064D0DA /* tessdatamanager.h */ = {isa = PBXFileReference; fileEncoding = 4; lastKnownFileType = sourcecode.c.h; path = tessdatamanager.h; sourceTree = "<group>"; };
		430AA30F16BCEE450064D0DA /* tessedit.h */ = {isa = PBXFileReference; fileEncoding = 4; lastKnownFileType = sourcecode.c.h; path = tessedit.h; sourceTree = "<group>"; };
		430AA31016BCEE450064D0DA /* tesseract_cube_combiner.h */ = {isa = PBXFileReference; fileEncoding = 4; lastKnownFileType = sourcecode.c.h; path = tesseract_cube_combiner.h; sourceTree = "<group>"; };
		430AA31116BCEE450064D0DA /* tesseractclass.h */ = {isa = PBXFileReference; fileEncoding = 4; lastKnownFileType = sourcecode.c.h; path = tesseractclass.h; sourceTree = "<group>"; };
		430AA31216BCEE450064D0DA /* tesseractmain.h */ = {isa = PBXFileReference; fileEncoding = 4; lastKnownFileType = sourcecode.c.h; path = tesseractmain.h; sourceTree = "<group>"; };
		430AA31316BCEE450064D0DA /* tessvars.h */ = {isa = PBXFileReference; fileEncoding = 4; lastKnownFileType = sourcecode.c.h; path = tessvars.h; sourceTree = "<group>"; };
		430AA31416BCEE450064D0DA /* tfacep.h */ = {isa = PBXFileReference; fileEncoding = 4; lastKnownFileType = sourcecode.c.h; path = tfacep.h; sourceTree = "<group>"; };
		430AA31516BCEE450064D0DA /* tfacepp.h */ = {isa = PBXFileReference; fileEncoding = 4; lastKnownFileType = sourcecode.c.h; path = tfacepp.h; sourceTree = "<group>"; };
		430AA31616BCEE450064D0DA /* thresholder.h */ = {isa = PBXFileReference; fileEncoding = 4; lastKnownFileType = sourcecode.c.h; path = thresholder.h; sourceTree = "<group>"; };
		430AA31716BCEE450064D0DA /* tprintf.h */ = {isa = PBXFileReference; fileEncoding = 4; lastKnownFileType = sourcecode.c.h; path = tprintf.h; sourceTree = "<group>"; };
		430AA31816BCEE450064D0DA /* unichar.h */ = {isa = PBXFileReference; fileEncoding = 4; lastKnownFileType = sourcecode.c.h; path = unichar.h; sourceTree = "<group>"; };
		430AA31916BCEE450064D0DA /* unicharmap.h */ = {isa = PBXFileReference; fileEncoding = 4; lastKnownFileType = sourcecode.c.h; path = unicharmap.h; sourceTree = "<group>"; };
		430AA31A16BCEE450064D0DA /* unicharset.h */ = {isa = PBXFileReference; fileEncoding = 4; lastKnownFileType = sourcecode.c.h; path = unicharset.h; sourceTree = "<group>"; };
		430AA31B16BCEE450064D0DA /* unicity_table.h */ = {isa = PBXFileReference; fileEncoding = 4; lastKnownFileType = sourcecode.c.h; path = unicity_table.h; sourceTree = "<group>"; };
		430AA31C16BCEE450064D0DA /* unicodes.h */ = {isa = PBXFileReference; fileEncoding = 4; lastKnownFileType = sourcecode.c.h; path = unicodes.h; sourceTree = "<group>"; };
		430AA31D16BCEE450064D0DA /* vecfuncs.h */ = {isa = PBXFileReference; fileEncoding = 4; lastKnownFileType = sourcecode.c.h; path = vecfuncs.h; sourceTree = "<group>"; };
		430AA31E16BCEE450064D0DA /* werd.h */ = {isa = PBXFileReference; fileEncoding = 4; lastKnownFileType = sourcecode.c.h; path = werd.h; sourceTree = "<group>"; };
		430AA31F16BCEE450064D0DA /* werdit.h */ = {isa = PBXFileReference; fileEncoding = 4; lastKnownFileType = sourcecode.c.h; path = werdit.h; sourceTree = "<group>"; };
		430AA32116BCEE450064D0DA /* liblept.a */ = {isa = PBXFileReference; lastKnownFileType = archive.ar; path = liblept.a; sourceTree = "<group>"; };
		430AA32216BCEE450064D0DA /* libtesseract_all.a */ = {isa = PBXFileReference; lastKnownFileType = archive.ar; path = libtesseract_all.a; sourceTree = "<group>"; };
		430AA32616BCEE500064D0DA /* Tesseract.h */ = {isa = PBXFileReference; fileEncoding = 4; lastKnownFileType = sourcecode.c.h; path = Tesseract.h; sourceTree = "<group>"; };
		430AA32716BCEE500064D0DA /* Tesseract.mm */ = {isa = PBXFileReference; fileEncoding = 4; lastKnownFileType = sourcecode.cpp.objcpp; path = Tesseract.mm; sourceTree = "<group>"; };
		430AA33516BCFD900064D0DA /* FacebookSDK.framework */ = {isa = PBXFileReference; lastKnownFileType = wrapper.framework; path = FacebookSDK.framework; sourceTree = "<group>"; };
		430AA33816BCFDF60064D0DA /* FacebookSDKResources.bundle */ = {isa = PBXFileReference; lastKnownFileType = "wrapper.plug-in"; path = FacebookSDKResources.bundle; sourceTree = "<group>"; };
		430AA33A16BCFE730064D0DA /* Accounts.framework */ = {isa = PBXFileReference; lastKnownFileType = wrapper.framework; name = Accounts.framework; path = System/Library/Frameworks/Accounts.framework; sourceTree = SDKROOT; };
		430AA33B16BCFE730064D0DA /* AdSupport.framework */ = {isa = PBXFileReference; lastKnownFileType = wrapper.framework; name = AdSupport.framework; path = System/Library/Frameworks/AdSupport.framework; sourceTree = SDKROOT; };
		430AA33C16BCFE730064D0DA /* Social.framework */ = {isa = PBXFileReference; lastKnownFileType = wrapper.framework; name = Social.framework; path = System/Library/Frameworks/Social.framework; sourceTree = SDKROOT; };
		430AA34416BD01EF0064D0DA /* MHLoginViewController.h */ = {isa = PBXFileReference; fileEncoding = 4; lastKnownFileType = sourcecode.c.h; path = MHLoginViewController.h; sourceTree = "<group>"; };
		430AA34516BD01EF0064D0DA /* MHLoginViewController.m */ = {isa = PBXFileReference; fileEncoding = 4; lastKnownFileType = sourcecode.c.objc; path = MHLoginViewController.m; sourceTree = "<group>"; };
		430AA35916BD2B510064D0DA /* MHViewController.xib */ = {isa = PBXFileReference; fileEncoding = 4; lastKnownFileType = file.xib; path = MHViewController.xib; sourceTree = "<group>"; };
		430AA36316BD2D090064D0DA /* MHLoginViewController.xib */ = {isa = PBXFileReference; fileEncoding = 4; lastKnownFileType = file.xib; path = MHLoginViewController.xib; sourceTree = "<group>"; };
		430AA37816BD727A0064D0DA /* MHImageEditorViewController.h */ = {isa = PBXFileReference; fileEncoding = 4; lastKnownFileType = sourcecode.c.h; path = MHImageEditorViewController.h; sourceTree = "<group>"; };
		430AA37916BD727A0064D0DA /* MHImageEditorViewController.m */ = {isa = PBXFileReference; fileEncoding = 4; lastKnownFileType = sourcecode.c.objc; path = MHImageEditorViewController.m; sourceTree = "<group>"; };
		430AA37A16BD727A0064D0DA /* MHImageEditorViewController.xib */ = {isa = PBXFileReference; fileEncoding = 4; lastKnownFileType = file.xib; path = MHImageEditorViewController.xib; sourceTree = "<group>"; };
		430AA3C616BE18A80064D0DA /* ASIAuthenticationDialog.h */ = {isa = PBXFileReference; fileEncoding = 4; lastKnownFileType = sourcecode.c.h; path = ASIAuthenticationDialog.h; sourceTree = "<group>"; };
		430AA3C716BE18A80064D0DA /* ASIAuthenticationDialog.m */ = {isa = PBXFileReference; fileEncoding = 4; lastKnownFileType = sourcecode.c.objc; path = ASIAuthenticationDialog.m; sourceTree = "<group>"; };
		430AA3C816BE18A80064D0DA /* ASICacheDelegate.h */ = {isa = PBXFileReference; fileEncoding = 4; lastKnownFileType = sourcecode.c.h; path = ASICacheDelegate.h; sourceTree = "<group>"; };
		430AA3C916BE18A80064D0DA /* ASIDataCompressor.h */ = {isa = PBXFileReference; fileEncoding = 4; lastKnownFileType = sourcecode.c.h; path = ASIDataCompressor.h; sourceTree = "<group>"; };
		430AA3CA16BE18A80064D0DA /* ASIDataCompressor.m */ = {isa = PBXFileReference; fileEncoding = 4; lastKnownFileType = sourcecode.c.objc; path = ASIDataCompressor.m; sourceTree = "<group>"; };
		430AA3CB16BE18A80064D0DA /* ASIDataDecompressor.h */ = {isa = PBXFileReference; fileEncoding = 4; lastKnownFileType = sourcecode.c.h; path = ASIDataDecompressor.h; sourceTree = "<group>"; };
		430AA3CC16BE18A80064D0DA /* ASIDataDecompressor.m */ = {isa = PBXFileReference; fileEncoding = 4; lastKnownFileType = sourcecode.c.objc; path = ASIDataDecompressor.m; sourceTree = "<group>"; };
		430AA3CD16BE18A80064D0DA /* ASIDownloadCache.h */ = {isa = PBXFileReference; fileEncoding = 4; lastKnownFileType = sourcecode.c.h; path = ASIDownloadCache.h; sourceTree = "<group>"; };
		430AA3CE16BE18A80064D0DA /* ASIDownloadCache.m */ = {isa = PBXFileReference; fileEncoding = 4; lastKnownFileType = sourcecode.c.objc; path = ASIDownloadCache.m; sourceTree = "<group>"; };
		430AA3CF16BE18A80064D0DA /* ASIFormDataRequest.h */ = {isa = PBXFileReference; fileEncoding = 4; lastKnownFileType = sourcecode.c.h; path = ASIFormDataRequest.h; sourceTree = "<group>"; };
		430AA3D016BE18A80064D0DA /* ASIFormDataRequest.m */ = {isa = PBXFileReference; fileEncoding = 4; lastKnownFileType = sourcecode.c.objc; path = ASIFormDataRequest.m; sourceTree = "<group>"; };
		430AA3D116BE18A80064D0DA /* ASIHTTPRequest.h */ = {isa = PBXFileReference; fileEncoding = 4; lastKnownFileType = sourcecode.c.h; path = ASIHTTPRequest.h; sourceTree = "<group>"; };
		430AA3D216BE18A80064D0DA /* ASIHTTPRequest.m */ = {isa = PBXFileReference; fileEncoding = 4; lastKnownFileType = sourcecode.c.objc; path = ASIHTTPRequest.m; sourceTree = "<group>"; };
		430AA3D316BE18A80064D0DA /* ASIHTTPRequestConfig.h */ = {isa = PBXFileReference; fileEncoding = 4; lastKnownFileType = sourcecode.c.h; path = ASIHTTPRequestConfig.h; sourceTree = "<group>"; };
		430AA3D416BE18A80064D0DA /* ASIHTTPRequestDelegate.h */ = {isa = PBXFileReference; fileEncoding = 4; lastKnownFileType = sourcecode.c.h; path = ASIHTTPRequestDelegate.h; sourceTree = "<group>"; };
		430AA3D516BE18A80064D0DA /* ASIInputStream.h */ = {isa = PBXFileReference; fileEncoding = 4; lastKnownFileType = sourcecode.c.h; path = ASIInputStream.h; sourceTree = "<group>"; };
		430AA3D616BE18A80064D0DA /* ASIInputStream.m */ = {isa = PBXFileReference; fileEncoding = 4; lastKnownFileType = sourcecode.c.objc; path = ASIInputStream.m; sourceTree = "<group>"; };
		430AA3D716BE18A80064D0DA /* ASINetworkQueue.h */ = {isa = PBXFileReference; fileEncoding = 4; lastKnownFileType = sourcecode.c.h; path = ASINetworkQueue.h; sourceTree = "<group>"; };
		430AA3D816BE18A80064D0DA /* ASINetworkQueue.m */ = {isa = PBXFileReference; fileEncoding = 4; lastKnownFileType = sourcecode.c.objc; path = ASINetworkQueue.m; sourceTree = "<group>"; };
		430AA3D916BE18A80064D0DA /* ASIProgressDelegate.h */ = {isa = PBXFileReference; fileEncoding = 4; lastKnownFileType = sourcecode.c.h; path = ASIProgressDelegate.h; sourceTree = "<group>"; };
		430AA3E216BE18B90064D0DA /* Reachability.h */ = {isa = PBXFileReference; fileEncoding = 4; lastKnownFileType = sourcecode.c.h; path = Reachability.h; sourceTree = "<group>"; };
		430AA3E316BE18B90064D0DA /* Reachability.m */ = {isa = PBXFileReference; fileEncoding = 4; lastKnownFileType = sourcecode.c.objc; path = Reachability.m; sourceTree = "<group>"; };
		430AA3E516BE19130064D0DA /* CFNetwork.framework */ = {isa = PBXFileReference; lastKnownFileType = wrapper.framework; name = CFNetwork.framework; path = System/Library/Frameworks/CFNetwork.framework; sourceTree = SDKROOT; };
		430AA3E716BE191F0064D0DA /* SystemConfiguration.framework */ = {isa = PBXFileReference; lastKnownFileType = wrapper.framework; name = SystemConfiguration.framework; path = System/Library/Frameworks/SystemConfiguration.framework; sourceTree = SDKROOT; };
		430AA3E916BE194E0064D0DA /* libz.dylib */ = {isa = PBXFileReference; lastKnownFileType = "compiled.mach-o.dylib"; name = libz.dylib; path = usr/lib/libz.dylib; sourceTree = SDKROOT; };
		430AA3EF16BE1D1B0064D0DA /* SBJson.h */ = {isa = PBXFileReference; fileEncoding = 4; lastKnownFileType = sourcecode.c.h; path = SBJson.h; sourceTree = "<group>"; };
		430AA3F016BE1D1B0064D0DA /* SBJsonParser.h */ = {isa = PBXFileReference; fileEncoding = 4; lastKnownFileType = sourcecode.c.h; path = SBJsonParser.h; sourceTree = "<group>"; };
		430AA3F116BE1D1B0064D0DA /* SBJsonParser.m */ = {isa = PBXFileReference; fileEncoding = 4; lastKnownFileType = sourcecode.c.objc; path = SBJsonParser.m; sourceTree = "<group>"; };
		430AA3F216BE1D1B0064D0DA /* SBJsonStreamParser.h */ = {isa = PBXFileReference; fileEncoding = 4; lastKnownFileType = sourcecode.c.h; path = SBJsonStreamParser.h; sourceTree = "<group>"; };
		430AA3F316BE1D1B0064D0DA /* SBJsonStreamParser.m */ = {isa = PBXFileReference; fileEncoding = 4; lastKnownFileType = sourcecode.c.objc; path = SBJsonStreamParser.m; sourceTree = "<group>"; };
		430AA3F416BE1D1B0064D0DA /* SBJsonStreamParserAccumulator.h */ = {isa = PBXFileReference; fileEncoding = 4; lastKnownFileType = sourcecode.c.h; path = SBJsonStreamParserAccumulator.h; sourceTree = "<group>"; };
		430AA3F516BE1D1B0064D0DA /* SBJsonStreamParserAccumulator.m */ = {isa = PBXFileReference; fileEncoding = 4; lastKnownFileType = sourcecode.c.objc; path = SBJsonStreamParserAccumulator.m; sourceTree = "<group>"; };
		430AA3F616BE1D1B0064D0DA /* SBJsonStreamParserAdapter.h */ = {isa = PBXFileReference; fileEncoding = 4; lastKnownFileType = sourcecode.c.h; path = SBJsonStreamParserAdapter.h; sourceTree = "<group>"; };
		430AA3F716BE1D1B0064D0DA /* SBJsonStreamParserAdapter.m */ = {isa = PBXFileReference; fileEncoding = 4; lastKnownFileType = sourcecode.c.objc; path = SBJsonStreamParserAdapter.m; sourceTree = "<group>"; };
		430AA3F816BE1D1B0064D0DA /* SBJsonStreamParserState.h */ = {isa = PBXFileReference; fileEncoding = 4; lastKnownFileType = sourcecode.c.h; path = SBJsonStreamParserState.h; sourceTree = "<group>"; };
		430AA3F916BE1D1B0064D0DA /* SBJsonStreamParserState.m */ = {isa = PBXFileReference; fileEncoding = 4; lastKnownFileType = sourcecode.c.objc; path = SBJsonStreamParserState.m; sourceTree = "<group>"; };
		430AA3FA16BE1D1B0064D0DA /* SBJsonStreamTokeniser.h */ = {isa = PBXFileReference; fileEncoding = 4; lastKnownFileType = sourcecode.c.h; path = SBJsonStreamTokeniser.h; sourceTree = "<group>"; };
		430AA3FB16BE1D1B0064D0DA /* SBJsonStreamTokeniser.m */ = {isa = PBXFileReference; fileEncoding = 4; lastKnownFileType = sourcecode.c.objc; path = SBJsonStreamTokeniser.m; sourceTree = "<group>"; };
		430AA3FC16BE1D1B0064D0DA /* SBJsonStreamWriter.h */ = {isa = PBXFileReference; fileEncoding = 4; lastKnownFileType = sourcecode.c.h; path = SBJsonStreamWriter.h; sourceTree = "<group>"; };
		430AA3FD16BE1D1B0064D0DA /* SBJsonStreamWriter.m */ = {isa = PBXFileReference; fileEncoding = 4; lastKnownFileType = sourcecode.c.objc; path = SBJsonStreamWriter.m; sourceTree = "<group>"; };
		430AA3FE16BE1D1B0064D0DA /* SBJsonStreamWriterAccumulator.h */ = {isa = PBXFileReference; fileEncoding = 4; lastKnownFileType = sourcecode.c.h; path = SBJsonStreamWriterAccumulator.h; sourceTree = "<group>"; };
		430AA3FF16BE1D1B0064D0DA /* SBJsonStreamWriterAccumulator.m */ = {isa = PBXFileReference; fileEncoding = 4; lastKnownFileType = sourcecode.c.objc; path = SBJsonStreamWriterAccumulator.m; sourceTree = "<group>"; };
		430AA40016BE1D1B0064D0DA /* SBJsonStreamWriterState.h */ = {isa = PBXFileReference; fileEncoding = 4; lastKnownFileType = sourcecode.c.h; path = SBJsonStreamWriterState.h; sourceTree = "<group>"; };
		430AA40116BE1D1B0064D0DA /* SBJsonStreamWriterState.m */ = {isa = PBXFileReference; fileEncoding = 4; lastKnownFileType = sourcecode.c.objc; path = SBJsonStreamWriterState.m; sourceTree = "<group>"; };
		430AA40216BE1D1B0064D0DA /* SBJsonWriter.h */ = {isa = PBXFileReference; fileEncoding = 4; lastKnownFileType = sourcecode.c.h; path = SBJsonWriter.h; sourceTree = "<group>"; };
		430AA40316BE1D1B0064D0DA /* SBJsonWriter.m */ = {isa = PBXFileReference; fileEncoding = 4; lastKnownFileType = sourcecode.c.objc; path = SBJsonWriter.m; sourceTree = "<group>"; };
		430AA40516BE1D1B0064D0DA /* AppledocSettings.plist */ = {isa = PBXFileReference; fileEncoding = 4; lastKnownFileType = text.plist.xml; path = AppledocSettings.plist; sourceTree = "<group>"; };
		430AA40716BE1D1B0064D0DA /* RegenerateApiDocumentation */ = {isa = PBXFileReference; fileEncoding = 4; lastKnownFileType = text.script.sh; path = RegenerateApiDocumentation; sourceTree = "<group>"; };
		430AA40816BE1D1B0064D0DA /* RegenerateCredits */ = {isa = PBXFileReference; fileEncoding = 4; lastKnownFileType = text.script.sh; path = RegenerateCredits; sourceTree = "<group>"; };
		430AA6E916BE42810064D0DA /* MHSearchButton.h */ = {isa = PBXFileReference; fileEncoding = 4; lastKnownFileType = sourcecode.c.h; path = MHSearchButton.h; sourceTree = "<group>"; };
		430AA6EA16BE42810064D0DA /* MHSearchButton.m */ = {isa = PBXFileReference; fileEncoding = 4; lastKnownFileType = sourcecode.c.objc; path = MHSearchButton.m; sourceTree = "<group>"; };
		430AA6ED16BE42910064D0DA /* MHTypeIndicator.h */ = {isa = PBXFileReference; fileEncoding = 4; lastKnownFileType = sourcecode.c.h; path = MHTypeIndicator.h; sourceTree = "<group>"; };
		430AA6EE16BE42910064D0DA /* MHTypeIndicator.m */ = {isa = PBXFileReference; fileEncoding = 4; lastKnownFileType = sourcecode.c.objc; path = MHTypeIndicator.m; sourceTree = "<group>"; };
		430AA6F016BE42B20064D0DA /* MHFacebookSearchView.h */ = {isa = PBXFileReference; fileEncoding = 4; lastKnownFileType = sourcecode.c.h; path = MHFacebookSearchView.h; sourceTree = "<group>"; };
		430AA6F116BE42B20064D0DA /* MHFacebookSearchView.m */ = {isa = PBXFileReference; fileEncoding = 4; lastKnownFileType = sourcecode.c.objc; path = MHFacebookSearchView.m; sourceTree = "<group>"; };
		FC6B5D7B16BDE5D4003FE5A5 /* MHData.h */ = {isa = PBXFileReference; fileEncoding = 4; lastKnownFileType = sourcecode.c.h; path = MHData.h; sourceTree = "<group>"; };
		FC6B5D7C16BDE5D4003FE5A5 /* MHData.m */ = {isa = PBXFileReference; fileEncoding = 4; lastKnownFileType = sourcecode.c.objc; path = MHData.m; sourceTree = "<group>"; };
		FC6B5D8016BDE606003FE5A5 /* MHRetakeCameraButton.m */ = {isa = PBXFileReference; fileEncoding = 4; lastKnownFileType = sourcecode.c.objc; path = MHRetakeCameraButton.m; sourceTree = "<group>"; };
		FC6B5D8116BDE606003FE5A5 /* MHRetakeCameraButton.h */ = {isa = PBXFileReference; fileEncoding = 4; lastKnownFileType = sourcecode.c.h; path = MHRetakeCameraButton.h; sourceTree = "<group>"; };
		FC6B5D8416BDE634003FE5A5 /* MHBox.h */ = {isa = PBXFileReference; fileEncoding = 4; lastKnownFileType = sourcecode.c.h; path = MHBox.h; sourceTree = "<group>"; };
		FC6B5D8516BDE634003FE5A5 /* MHBox.m */ = {isa = PBXFileReference; fileEncoding = 4; lastKnownFileType = sourcecode.c.objc; path = MHBox.m; sourceTree = "<group>"; };
		FC6B5D8716BDE657003FE5A5 /* MHWordLabel.h */ = {isa = PBXFileReference; fileEncoding = 4; lastKnownFileType = sourcecode.c.h; path = MHWordLabel.h; sourceTree = "<group>"; };
		FC6B5D8816BDE657003FE5A5 /* MHWordLabel.m */ = {isa = PBXFileReference; fileEncoding = 4; lastKnownFileType = sourcecode.c.objc; path = MHWordLabel.m; sourceTree = "<group>"; };
		FC6B5D8A16BDF47E003FE5A5 /* MHInfoComplex.h */ = {isa = PBXFileReference; fileEncoding = 4; lastKnownFileType = sourcecode.c.h; path = MHInfoComplex.h; sourceTree = "<group>"; };
		FC6B5D8B16BDF47E003FE5A5 /* MHInfoComplex.m */ = {isa = PBXFileReference; fileEncoding = 4; lastKnownFileType = sourcecode.c.objc; path = MHInfoComplex.m; sourceTree = "<group>"; };
		FC6B5D8D16BE0AA4003FE5A5 /* MHConfirmButtons.h */ = {isa = PBXFileReference; fileEncoding = 4; lastKnownFileType = sourcecode.c.h; path = MHConfirmButtons.h; sourceTree = "<group>"; };
		FC6B5D8E16BE0AA4003FE5A5 /* MHConfirmButtons.m */ = {isa = PBXFileReference; fileEncoding = 4; lastKnownFileType = sourcecode.c.objc; path = MHConfirmButtons.m; sourceTree = "<group>"; };
		FC6B5D9016BE0ABE003FE5A5 /* MHRecognizedTextView.h */ = {isa = PBXFileReference; fileEncoding = 4; lastKnownFileType = sourcecode.c.h; path = MHRecognizedTextView.h; sourceTree = "<group>"; };
		FC6B5D9116BE0ABE003FE5A5 /* MHRecognizedTextView.m */ = {isa = PBXFileReference; fileEncoding = 4; lastKnownFileType = sourcecode.c.objc; path = MHRecognizedTextView.m; sourceTree = "<group>"; };
		FC78D47316BD6820005B3CFF /* MHCameraMaskView.h */ = {isa = PBXFileReference; fileEncoding = 4; lastKnownFileType = sourcecode.c.h; path = MHCameraMaskView.h; sourceTree = "<group>"; };
		FC78D47416BD6820005B3CFF /* MHCameraMaskView.m */ = {isa = PBXFileReference; fileEncoding = 4; lastKnownFileType = sourcecode.c.objc; path = MHCameraMaskView.m; sourceTree = "<group>"; };
		FC78D47616BD7441005B3CFF /* MHFreezeCameraButton.h */ = {isa = PBXFileReference; fileEncoding = 4; lastKnownFileType = sourcecode.c.h; path = MHFreezeCameraButton.h; sourceTree = "<group>"; };
		FC78D47716BD7441005B3CFF /* MHFreezeCameraButton.m */ = {isa = PBXFileReference; fileEncoding = 4; lastKnownFileType = sourcecode.c.objc; path = MHFreezeCameraButton.m; sourceTree = "<group>"; };
		FC78D47916BD83B0005B3CFF /* MHBoxesView.h */ = {isa = PBXFileReference; fileEncoding = 4; lastKnownFileType = sourcecode.c.h; path = MHBoxesView.h; sourceTree = "<group>"; };
		FC78D47A16BD83B0005B3CFF /* MHBoxesView.m */ = {isa = PBXFileReference; fileEncoding = 4; lastKnownFileType = sourcecode.c.objc; path = MHBoxesView.m; sourceTree = "<group>"; };
		FC926AA116BCF53E00D8EF00 /* MHImagePickerController.h */ = {isa = PBXFileReference; fileEncoding = 4; lastKnownFileType = sourcecode.c.h; path = MHImagePickerController.h; sourceTree = "<group>"; };
		FC926AA216BCF53E00D8EF00 /* MHImagePickerController.m */ = {isa = PBXFileReference; fileEncoding = 4; lastKnownFileType = sourcecode.c.objc; path = MHImagePickerController.m; sourceTree = "<group>"; };
		FCCEAAD116BCD40900317762 /* MHSmileyFace.h */ = {isa = PBXFileReference; fileEncoding = 4; lastKnownFileType = sourcecode.c.h; path = MHSmileyFace.h; sourceTree = "<group>"; };
		FCCEAAD216BCD40900317762 /* MHSmileyFace.m */ = {isa = PBXFileReference; fileEncoding = 4; lastKnownFileType = sourcecode.c.objc; path = MHSmileyFace.m; sourceTree = "<group>"; };
		FCCEAAE716BCE40700317762 /* MobileCoreServices.framework */ = {isa = PBXFileReference; lastKnownFileType = wrapper.framework; name = MobileCoreServices.framework; path = System/Library/Frameworks/MobileCoreServices.framework; sourceTree = SDKROOT; };
		FCCEAAE916BCE4FA00317762 /* HBOverlayView.h */ = {isa = PBXFileReference; fileEncoding = 4; lastKnownFileType = sourcecode.c.h; path = HBOverlayView.h; sourceTree = "<group>"; };
		FCCEAAEA16BCE4FB00317762 /* HBOverlayView.m */ = {isa = PBXFileReference; fileEncoding = 4; lastKnownFileType = sourcecode.c.objc; path = HBOverlayView.m; sourceTree = "<group>"; };
		FCCEAAF216BCE53D00317762 /* overlaygraphic.png */ = {isa = PBXFileReference; lastKnownFileType = image.png; path = overlaygraphic.png; sourceTree = "<group>"; };
		FCCEAAF316BCE53D00317762 /* scanbutton.png */ = {isa = PBXFileReference; lastKnownFileType = image.png; path = scanbutton.png; sourceTree = "<group>"; };
		FCCEAAF616BCECA600317762 /* eng.traineddata */ = {isa = PBXFileReference; lastKnownFileType = file; path = eng.traineddata; sourceTree = "<group>"; };
		FCCEAAF716BCECA600317762 /* sample1.jpg */ = {isa = PBXFileReference; lastKnownFileType = image.jpeg; path = sample1.jpg; sourceTree = "<group>"; };
/* End PBXFileReference section */

/* Begin PBXFrameworksBuildPhase section */
		430AA19016BCCEE10064D0DA /* Frameworks */ = {
			isa = PBXFrameworksBuildPhase;
			buildActionMask = 2147483647;
			files = (
				430AA3EA16BE194E0064D0DA /* libz.dylib in Frameworks */,
				430AA19C16BCCEE10064D0DA /* CoreGraphics.framework in Frameworks */,
				FCCEAAE816BCE40700317762 /* MobileCoreServices.framework in Frameworks */,
				430AA3E816BE191F0064D0DA /* SystemConfiguration.framework in Frameworks */,
				430AA3E616BE19130064D0DA /* CFNetwork.framework in Frameworks */,
				430AA33D16BCFE730064D0DA /* Accounts.framework in Frameworks */,
				430AA33E16BCFE730064D0DA /* AdSupport.framework in Frameworks */,
				430AA33F16BCFE730064D0DA /* Social.framework in Frameworks */,
				430AA19816BCCEE10064D0DA /* UIKit.framework in Frameworks */,
				430AA19A16BCCEE10064D0DA /* Foundation.framework in Frameworks */,
				430AA32316BCEE450064D0DA /* liblept.a in Frameworks */,
				430AA32416BCEE450064D0DA /* libtesseract_all.a in Frameworks */,
				430AA33616BCFD900064D0DA /* FacebookSDK.framework in Frameworks */,
			);
			runOnlyForDeploymentPostprocessing = 0;
		};
		430AA1B616BCCEE10064D0DA /* Frameworks */ = {
			isa = PBXFrameworksBuildPhase;
			buildActionMask = 2147483647;
			files = (
				430AA1BC16BCCEE10064D0DA /* SenTestingKit.framework in Frameworks */,
				430AA1BD16BCCEE10064D0DA /* UIKit.framework in Frameworks */,
				430AA1BE16BCCEE10064D0DA /* Foundation.framework in Frameworks */,
			);
			runOnlyForDeploymentPostprocessing = 0;
		};
/* End PBXFrameworksBuildPhase section */

/* Begin PBXGroup section */
		430AA18816BCCEE10064D0DA = {
			isa = PBXGroup;
			children = (
				430AA3EB16BE1CFE0064D0DA /* SBJson */,
				430AA3E916BE194E0064D0DA /* libz.dylib */,
				430AA3C416BE18980064D0DA /* ASIHttp */,
				430AA28C16BCEE340064D0DA /* tesseract */,
				FCCEAAF216BCE53D00317762 /* overlaygraphic.png */,
				FCCEAAF616BCECA600317762 /* eng.traineddata */,
				FCCEAAF716BCECA600317762 /* sample1.jpg */,
				FCCEAAF316BCE53D00317762 /* scanbutton.png */,
				430AA19D16BCCEE10064D0DA /* MHackberrithon */,
				430AA1C116BCCEE10064D0DA /* MHackberrithonTests */,
				430AA19616BCCEE10064D0DA /* Frameworks */,
				430AA19416BCCEE10064D0DA /* Products */,
			);
			sourceTree = "<group>";
		};
		430AA19416BCCEE10064D0DA /* Products */ = {
			isa = PBXGroup;
			children = (
				430AA19316BCCEE10064D0DA /* MHackberrithon.app */,
				430AA1BA16BCCEE10064D0DA /* MHackberrithonTests.octest */,
			);
			name = Products;
			sourceTree = "<group>";
		};
		430AA19616BCCEE10064D0DA /* Frameworks */ = {
			isa = PBXGroup;
			children = (
				430AA3E716BE191F0064D0DA /* SystemConfiguration.framework */,
				430AA3E516BE19130064D0DA /* CFNetwork.framework */,
				FCCEAAE716BCE40700317762 /* MobileCoreServices.framework */,
				430AA33A16BCFE730064D0DA /* Accounts.framework */,
				430AA33B16BCFE730064D0DA /* AdSupport.framework */,
				430AA33C16BCFE730064D0DA /* Social.framework */,
				430AA33816BCFDF60064D0DA /* FacebookSDKResources.bundle */,
				430AA33516BCFD900064D0DA /* FacebookSDK.framework */,
				430AA19716BCCEE10064D0DA /* UIKit.framework */,
				430AA19916BCCEE10064D0DA /* Foundation.framework */,
				430AA19B16BCCEE10064D0DA /* CoreGraphics.framework */,
				430AA1BB16BCCEE10064D0DA /* SenTestingKit.framework */,
			);
			name = Frameworks;
			sourceTree = "<group>";
		};
		430AA19D16BCCEE10064D0DA /* MHackberrithon */ = {
			isa = PBXGroup;
			children = (
				430AA6F016BE42B20064D0DA /* MHFacebookSearchView.h */,
				430AA6F116BE42B20064D0DA /* MHFacebookSearchView.m */,
				430AA6ED16BE42910064D0DA /* MHTypeIndicator.h */,
				430AA6EE16BE42910064D0DA /* MHTypeIndicator.m */,
				430AA6E916BE42810064D0DA /* MHSearchButton.h */,
				430AA6EA16BE42810064D0DA /* MHSearchButton.m */,
				430AA37816BD727A0064D0DA /* MHImageEditorViewController.h */,
				430AA37916BD727A0064D0DA /* MHImageEditorViewController.m */,
				430AA37A16BD727A0064D0DA /* MHImageEditorViewController.xib */,
				430AA1A616BCCEE10064D0DA /* MHAppDelegate.h */,
				430AA1A716BCCEE10064D0DA /* MHAppDelegate.m */,
				430AA1AF16BCCEE10064D0DA /* MainStoryboard.storyboard */,
				FC6B5D7B16BDE5D4003FE5A5 /* MHData.h */,
				FC6B5D7C16BDE5D4003FE5A5 /* MHData.m */,
				430AA1B216BCCEE10064D0DA /* MHViewController.h */,
				430AA1B316BCCEE10064D0DA /* MHViewController.m */,
				FC926AA116BCF53E00D8EF00 /* MHImagePickerController.h */,
				FC926AA216BCF53E00D8EF00 /* MHImagePickerController.m */,
				FCCEAAD116BCD40900317762 /* MHSmileyFace.h */,
				FCCEAAD216BCD40900317762 /* MHSmileyFace.m */,
				FC78D47916BD83B0005B3CFF /* MHBoxesView.h */,
				FC78D47A16BD83B0005B3CFF /* MHBoxesView.m */,
				FCCEAAE916BCE4FA00317762 /* HBOverlayView.h */,
				FCCEAAEA16BCE4FB00317762 /* HBOverlayView.m */,
				FC78D47316BD6820005B3CFF /* MHCameraMaskView.h */,
				FC78D47416BD6820005B3CFF /* MHCameraMaskView.m */,
				FC6B5D8116BDE606003FE5A5 /* MHRetakeCameraButton.h */,
				FC6B5D8016BDE606003FE5A5 /* MHRetakeCameraButton.m */,
				FC6B5D8716BDE657003FE5A5 /* MHWordLabel.h */,
				FC6B5D8816BDE657003FE5A5 /* MHWordLabel.m */,
				FC6B5D8A16BDF47E003FE5A5 /* MHInfoComplex.h */,
				FC6B5D8B16BDF47E003FE5A5 /* MHInfoComplex.m */,
				FC6B5D8416BDE634003FE5A5 /* MHBox.h */,
				FC6B5D8516BDE634003FE5A5 /* MHBox.m */,
				FC6B5D8D16BE0AA4003FE5A5 /* MHConfirmButtons.h */,
				FC6B5D8E16BE0AA4003FE5A5 /* MHConfirmButtons.m */,
				FC6B5D9016BE0ABE003FE5A5 /* MHRecognizedTextView.h */,
				FC6B5D9116BE0ABE003FE5A5 /* MHRecognizedTextView.m */,
				430AA19E16BCCEE10064D0DA /* Supporting Files */,
				430AA34416BD01EF0064D0DA /* MHLoginViewController.h */,
				430AA34516BD01EF0064D0DA /* MHLoginViewController.m */,
				430AA35916BD2B510064D0DA /* MHViewController.xib */,
				430AA36316BD2D090064D0DA /* MHLoginViewController.xib */,
				FC78D47616BD7441005B3CFF /* MHFreezeCameraButton.h */,
				FC78D47716BD7441005B3CFF /* MHFreezeCameraButton.m */,
			);
			path = MHackberrithon;
			sourceTree = "<group>";
		};
		430AA19E16BCCEE10064D0DA /* Supporting Files */ = {
			isa = PBXGroup;
			children = (
				430AA19F16BCCEE10064D0DA /* MHackberrithon-Info.plist */,
				430AA1A016BCCEE10064D0DA /* InfoPlist.strings */,
				430AA1A316BCCEE10064D0DA /* main.m */,
				430AA1A516BCCEE10064D0DA /* MHackberrithon-Prefix.pch */,
				430AA1A916BCCEE10064D0DA /* Default.png */,
				430AA1AB16BCCEE10064D0DA /* Default@2x.png */,
				430AA1AD16BCCEE10064D0DA /* Default-568h@2x.png */,
			);
			name = "Supporting Files";
			sourceTree = "<group>";
		};
		430AA1C116BCCEE10064D0DA /* MHackberrithonTests */ = {
			isa = PBXGroup;
			children = (
				430AA1C716BCCEE10064D0DA /* MHackberrithonTests.h */,
				430AA1C816BCCEE10064D0DA /* MHackberrithonTests.m */,
				430AA1C216BCCEE10064D0DA /* Supporting Files */,
			);
			path = MHackberrithonTests;
			sourceTree = "<group>";
		};
		430AA1C216BCCEE10064D0DA /* Supporting Files */ = {
			isa = PBXGroup;
			children = (
				430AA1C316BCCEE10064D0DA /* MHackberrithonTests-Info.plist */,
				430AA1C416BCCEE10064D0DA /* InfoPlist.strings */,
			);
			name = "Supporting Files";
			sourceTree = "<group>";
		};
		430AA28C16BCEE340064D0DA /* tesseract */ = {
			isa = PBXGroup;
			children = (
				430AA32516BCEE500064D0DA /* Classes */,
				430AA28E16BCEE450064D0DA /* include */,
				430AA32016BCEE450064D0DA /* lib */,
			);
			name = tesseract;
			sourceTree = "<group>";
		};
		430AA28E16BCEE450064D0DA /* include */ = {
			isa = PBXGroup;
			children = (
				430AA28F16BCEE450064D0DA /* leptonica */,
				430AA2AB16BCEE450064D0DA /* tesseract */,
			);
			path = include;
			sourceTree = "<group>";
		};
		430AA28F16BCEE450064D0DA /* leptonica */ = {
			isa = PBXGroup;
			children = (
				430AA29016BCEE450064D0DA /* allheaders.h */,
				430AA29116BCEE450064D0DA /* alltypes.h */,
				430AA29216BCEE450064D0DA /* array.h */,
				430AA29316BCEE450064D0DA /* arrayaccess.h */,
				430AA29416BCEE450064D0DA /* bbuffer.h */,
				430AA29516BCEE450064D0DA /* bmf.h */,
				430AA29616BCEE450064D0DA /* bmp.h */,
				430AA29716BCEE450064D0DA /* ccbord.h */,
				430AA29816BCEE450064D0DA /* dewarp.h */,
				430AA29916BCEE450064D0DA /* endianness.h */,
				430AA29A16BCEE450064D0DA /* environ.h */,
				430AA29B16BCEE450064D0DA /* freetype.h */,
				430AA29C16BCEE450064D0DA /* gplot.h */,
				430AA29D16BCEE450064D0DA /* heap.h */,
				430AA29E16BCEE450064D0DA /* imageio.h */,
				430AA29F16BCEE450064D0DA /* jbclass.h */,
				430AA2A016BCEE450064D0DA /* leptwin.h */,
				430AA2A116BCEE450064D0DA /* list.h */,
				430AA2A216BCEE450064D0DA /* morph.h */,
				430AA2A316BCEE450064D0DA /* pix.h */,
				430AA2A416BCEE450064D0DA /* ptra.h */,
				430AA2A516BCEE450064D0DA /* queue.h */,
				430AA2A616BCEE450064D0DA /* readbarcode.h */,
				430AA2A716BCEE450064D0DA /* regutils.h */,
				430AA2A816BCEE450064D0DA /* stack.h */,
				430AA2A916BCEE450064D0DA /* sudoku.h */,
				430AA2AA16BCEE450064D0DA /* watershed.h */,
			);
			path = leptonica;
			sourceTree = "<group>";
		};
		430AA2AB16BCEE450064D0DA /* tesseract */ = {
			isa = PBXGroup;
			children = (
				430AA2AC16BCEE450064D0DA /* ambigs.h */,
				430AA2AD16BCEE450064D0DA /* apitypes.h */,
				430AA2AE16BCEE450064D0DA /* baseapi.h */,
				430AA2AF16BCEE450064D0DA /* basedir.h */,
				430AA2B016BCEE450064D0DA /* bits16.h */,
				430AA2B116BCEE450064D0DA /* bitvector.h */,
				430AA2B216BCEE450064D0DA /* blckerr.h */,
				430AA2B316BCEE450064D0DA /* blobbox.h */,
				430AA2B416BCEE450064D0DA /* blobs.h */,
				430AA2B516BCEE450064D0DA /* blread.h */,
				430AA2B616BCEE450064D0DA /* boxread.h */,
				430AA2B716BCEE450064D0DA /* boxword.h */,
				430AA2B816BCEE450064D0DA /* capi.h */,
				430AA2B916BCEE450064D0DA /* ccstruct.h */,
				430AA2BA16BCEE450064D0DA /* ccutil.h */,
				430AA2BB16BCEE450064D0DA /* clst.h */,
				430AA2BC16BCEE450064D0DA /* control.h */,
				430AA2BD16BCEE450064D0DA /* coutln.h */,
				430AA2BE16BCEE450064D0DA /* crakedge.h */,
				430AA2BF16BCEE450064D0DA /* cube_reco_context.h */,
				430AA2C016BCEE450064D0DA /* cubeclassifier.h */,
				430AA2C116BCEE450064D0DA /* detlinefit.h */,
				430AA2C216BCEE450064D0DA /* docqual.h */,
				430AA2C316BCEE450064D0DA /* dppoint.h */,
				430AA2C416BCEE450064D0DA /* elst.h */,
				430AA2C516BCEE450064D0DA /* elst2.h */,
				430AA2C616BCEE450064D0DA /* equationdetect.h */,
				430AA2C716BCEE450064D0DA /* errcode.h */,
				430AA2C816BCEE450064D0DA /* fileerr.h */,
				430AA2C916BCEE450064D0DA /* fixspace.h */,
				430AA2CA16BCEE450064D0DA /* fontinfo.h */,
				430AA2CB16BCEE450064D0DA /* genblob.h */,
				430AA2CC16BCEE450064D0DA /* genericvector.h */,
				430AA2CD16BCEE450064D0DA /* globaloc.h */,
				430AA2CE16BCEE450064D0DA /* hashfn.h */,
				430AA2CF16BCEE450064D0DA /* helpers.h */,
				430AA2D016BCEE450064D0DA /* host.h */,
				430AA2D116BCEE450064D0DA /* hosthplb.h */,
				430AA2D216BCEE450064D0DA /* hpddef.h */,
				430AA2D316BCEE450064D0DA /* hpdsizes.h */,
				430AA2D416BCEE450064D0DA /* imgscale.h */,
				430AA2D516BCEE450064D0DA /* indexmapbidi.h */,
				430AA2D616BCEE450064D0DA /* ipoints.h */,
				430AA2D716BCEE450064D0DA /* linlsq.h */,
				430AA2D816BCEE450064D0DA /* lsterr.h */,
				430AA2D916BCEE450064D0DA /* ltrresultiterator.h */,
				430AA2DA16BCEE450064D0DA /* matrix.h */,
				430AA2DB16BCEE450064D0DA /* memry.h */,
				430AA2DC16BCEE450064D0DA /* mfcpch.h */,
				430AA2DD16BCEE450064D0DA /* mod128.h */,
				430AA2DE16BCEE450064D0DA /* mutableiterator.h */,
				430AA2DF16BCEE450064D0DA /* ndminx.h */,
				430AA2E016BCEE450064D0DA /* normalis.h */,
				430AA2E116BCEE450064D0DA /* notdll.h */,
				430AA2E216BCEE450064D0DA /* nwmain.h */,
				430AA2E316BCEE450064D0DA /* ocrblock.h */,
				430AA2E416BCEE450064D0DA /* ocrclass.h */,
				430AA2E516BCEE450064D0DA /* ocrpara.h */,
				430AA2E616BCEE450064D0DA /* ocrrow.h */,
				430AA2E716BCEE450064D0DA /* osdetect.h */,
				430AA2E816BCEE450064D0DA /* otsuthr.h */,
				430AA2E916BCEE450064D0DA /* output.h */,
				430AA2EA16BCEE450064D0DA /* pageiterator.h */,
				430AA2EB16BCEE450064D0DA /* pageres.h */,
				430AA2EC16BCEE450064D0DA /* paragraphs.h */,
				430AA2ED16BCEE450064D0DA /* paragraphs_internal.h */,
				430AA2EE16BCEE450064D0DA /* params.h */,
				430AA2EF16BCEE450064D0DA /* params_training_featdef.h */,
				430AA2F016BCEE450064D0DA /* paramsd.h */,
				430AA2F116BCEE450064D0DA /* pdblock.h */,
				430AA2F216BCEE450064D0DA /* pgedit.h */,
				430AA2F316BCEE450064D0DA /* platform.h */,
				430AA2F416BCEE450064D0DA /* points.h */,
				430AA2F516BCEE450064D0DA /* polyaprx.h */,
				430AA2F616BCEE450064D0DA /* polyblk.h */,
				430AA2F716BCEE450064D0DA /* publictypes.h */,
				430AA2F816BCEE450064D0DA /* qrsequence.h */,
				430AA2F916BCEE450064D0DA /* quadlsq.h */,
				430AA2FA16BCEE450064D0DA /* quadratc.h */,
				430AA2FB16BCEE450064D0DA /* quspline.h */,
				430AA2FC16BCEE450064D0DA /* ratngs.h */,
				430AA2FD16BCEE450064D0DA /* rect.h */,
				430AA2FE16BCEE450064D0DA /* rejctmap.h */,
				430AA2FF16BCEE450064D0DA /* reject.h */,
				430AA30016BCEE450064D0DA /* resultiterator.h */,
				430AA30116BCEE450064D0DA /* scaleimg.h */,
				430AA30216BCEE450064D0DA /* scanutils.h */,
				430AA30316BCEE450064D0DA /* seam.h */,
				430AA30416BCEE450064D0DA /* secname.h */,
				430AA30516BCEE450064D0DA /* serialis.h */,
				430AA30616BCEE450064D0DA /* sorthelper.h */,
				430AA30716BCEE450064D0DA /* split.h */,
				430AA30816BCEE450064D0DA /* statistc.h */,
				430AA30916BCEE450064D0DA /* stderr.h */,
				430AA30A16BCEE450064D0DA /* stepblob.h */,
				430AA30B16BCEE450064D0DA /* strngs.h */,
				430AA30C16BCEE450064D0DA /* tessbox.h */,
				430AA30D16BCEE450064D0DA /* tesscallback.h */,
				430AA30E16BCEE450064D0DA /* tessdatamanager.h */,
				430AA30F16BCEE450064D0DA /* tessedit.h */,
				430AA31016BCEE450064D0DA /* tesseract_cube_combiner.h */,
				430AA31116BCEE450064D0DA /* tesseractclass.h */,
				430AA31216BCEE450064D0DA /* tesseractmain.h */,
				430AA31316BCEE450064D0DA /* tessvars.h */,
				430AA31416BCEE450064D0DA /* tfacep.h */,
				430AA31516BCEE450064D0DA /* tfacepp.h */,
				430AA31616BCEE450064D0DA /* thresholder.h */,
				430AA31716BCEE450064D0DA /* tprintf.h */,
				430AA31816BCEE450064D0DA /* unichar.h */,
				430AA31916BCEE450064D0DA /* unicharmap.h */,
				430AA31A16BCEE450064D0DA /* unicharset.h */,
				430AA31B16BCEE450064D0DA /* unicity_table.h */,
				430AA31C16BCEE450064D0DA /* unicodes.h */,
				430AA31D16BCEE450064D0DA /* vecfuncs.h */,
				430AA31E16BCEE450064D0DA /* werd.h */,
				430AA31F16BCEE450064D0DA /* werdit.h */,
			);
			path = tesseract;
			sourceTree = "<group>";
		};
		430AA32016BCEE450064D0DA /* lib */ = {
			isa = PBXGroup;
			children = (
				430AA32116BCEE450064D0DA /* liblept.a */,
				430AA32216BCEE450064D0DA /* libtesseract_all.a */,
			);
			path = lib;
			sourceTree = "<group>";
		};
		430AA32516BCEE500064D0DA /* Classes */ = {
			isa = PBXGroup;
			children = (
				430AA32616BCEE500064D0DA /* Tesseract.h */,
				430AA32716BCEE500064D0DA /* Tesseract.mm */,
			);
			path = Classes;
			sourceTree = "<group>";
		};
		430AA3C416BE18980064D0DA /* ASIHttp */ = {
			isa = PBXGroup;
			children = (
				430AA3E216BE18B90064D0DA /* Reachability.h */,
				430AA3E316BE18B90064D0DA /* Reachability.m */,
				430AA3C616BE18A80064D0DA /* ASIAuthenticationDialog.h */,
				430AA3C716BE18A80064D0DA /* ASIAuthenticationDialog.m */,
				430AA3C816BE18A80064D0DA /* ASICacheDelegate.h */,
				430AA3C916BE18A80064D0DA /* ASIDataCompressor.h */,
				430AA3CA16BE18A80064D0DA /* ASIDataCompressor.m */,
				430AA3CB16BE18A80064D0DA /* ASIDataDecompressor.h */,
				430AA3CC16BE18A80064D0DA /* ASIDataDecompressor.m */,
				430AA3CD16BE18A80064D0DA /* ASIDownloadCache.h */,
				430AA3CE16BE18A80064D0DA /* ASIDownloadCache.m */,
				430AA3CF16BE18A80064D0DA /* ASIFormDataRequest.h */,
				430AA3D016BE18A80064D0DA /* ASIFormDataRequest.m */,
				430AA3D116BE18A80064D0DA /* ASIHTTPRequest.h */,
				430AA3D216BE18A80064D0DA /* ASIHTTPRequest.m */,
				430AA3D316BE18A80064D0DA /* ASIHTTPRequestConfig.h */,
				430AA3D416BE18A80064D0DA /* ASIHTTPRequestDelegate.h */,
				430AA3D516BE18A80064D0DA /* ASIInputStream.h */,
				430AA3D616BE18A80064D0DA /* ASIInputStream.m */,
				430AA3D716BE18A80064D0DA /* ASINetworkQueue.h */,
				430AA3D816BE18A80064D0DA /* ASINetworkQueue.m */,
				430AA3D916BE18A80064D0DA /* ASIProgressDelegate.h */,
			);
			name = ASIHttp;
			sourceTree = "<group>";
		};
		430AA3EB16BE1CFE0064D0DA /* SBJson */ = {
			isa = PBXGroup;
			children = (
				430AA3EC16BE1D1B0064D0DA /* src */,
			);
			name = SBJson;
			sourceTree = "<group>";
		};
		430AA3EC16BE1D1B0064D0DA /* src */ = {
			isa = PBXGroup;
			children = (
				430AA3ED16BE1D1B0064D0DA /* main */,
			);
			path = src;
			sourceTree = "<group>";
		};
		430AA3ED16BE1D1B0064D0DA /* main */ = {
			isa = PBXGroup;
			children = (
				430AA3EE16BE1D1B0064D0DA /* objc */,
				430AA40416BE1D1B0064D0DA /* resources */,
				430AA40616BE1D1B0064D0DA /* scripts */,
			);
			path = main;
			sourceTree = "<group>";
		};
		430AA3EE16BE1D1B0064D0DA /* objc */ = {
			isa = PBXGroup;
			children = (
				430AA3EF16BE1D1B0064D0DA /* SBJson.h */,
				430AA3F016BE1D1B0064D0DA /* SBJsonParser.h */,
				430AA3F116BE1D1B0064D0DA /* SBJsonParser.m */,
				430AA3F216BE1D1B0064D0DA /* SBJsonStreamParser.h */,
				430AA3F316BE1D1B0064D0DA /* SBJsonStreamParser.m */,
				430AA3F416BE1D1B0064D0DA /* SBJsonStreamParserAccumulator.h */,
				430AA3F516BE1D1B0064D0DA /* SBJsonStreamParserAccumulator.m */,
				430AA3F616BE1D1B0064D0DA /* SBJsonStreamParserAdapter.h */,
				430AA3F716BE1D1B0064D0DA /* SBJsonStreamParserAdapter.m */,
				430AA3F816BE1D1B0064D0DA /* SBJsonStreamParserState.h */,
				430AA3F916BE1D1B0064D0DA /* SBJsonStreamParserState.m */,
				430AA3FA16BE1D1B0064D0DA /* SBJsonStreamTokeniser.h */,
				430AA3FB16BE1D1B0064D0DA /* SBJsonStreamTokeniser.m */,
				430AA3FC16BE1D1B0064D0DA /* SBJsonStreamWriter.h */,
				430AA3FD16BE1D1B0064D0DA /* SBJsonStreamWriter.m */,
				430AA3FE16BE1D1B0064D0DA /* SBJsonStreamWriterAccumulator.h */,
				430AA3FF16BE1D1B0064D0DA /* SBJsonStreamWriterAccumulator.m */,
				430AA40016BE1D1B0064D0DA /* SBJsonStreamWriterState.h */,
				430AA40116BE1D1B0064D0DA /* SBJsonStreamWriterState.m */,
				430AA40216BE1D1B0064D0DA /* SBJsonWriter.h */,
				430AA40316BE1D1B0064D0DA /* SBJsonWriter.m */,
			);
			path = objc;
			sourceTree = "<group>";
		};
		430AA40416BE1D1B0064D0DA /* resources */ = {
			isa = PBXGroup;
			children = (
				430AA40516BE1D1B0064D0DA /* AppledocSettings.plist */,
			);
			path = resources;
			sourceTree = "<group>";
		};
		430AA40616BE1D1B0064D0DA /* scripts */ = {
			isa = PBXGroup;
			children = (
				430AA40716BE1D1B0064D0DA /* RegenerateApiDocumentation */,
				430AA40816BE1D1B0064D0DA /* RegenerateCredits */,
			);
			path = scripts;
			sourceTree = "<group>";
		};
/* End PBXGroup section */

/* Begin PBXNativeTarget section */
		430AA19216BCCEE10064D0DA /* MHackberrithon */ = {
			isa = PBXNativeTarget;
			buildConfigurationList = 430AA1CC16BCCEE10064D0DA /* Build configuration list for PBXNativeTarget "MHackberrithon" */;
			buildPhases = (
				430AA18F16BCCEE10064D0DA /* Sources */,
				430AA19016BCCEE10064D0DA /* Frameworks */,
				430AA19116BCCEE10064D0DA /* Resources */,
			);
			buildRules = (
			);
			dependencies = (
			);
			name = MHackberrithon;
			productName = MHackberrithon;
			productReference = 430AA19316BCCEE10064D0DA /* MHackberrithon.app */;
			productType = "com.apple.product-type.application";
		};
		430AA1B916BCCEE10064D0DA /* MHackberrithonTests */ = {
			isa = PBXNativeTarget;
			buildConfigurationList = 430AA1CF16BCCEE10064D0DA /* Build configuration list for PBXNativeTarget "MHackberrithonTests" */;
			buildPhases = (
				430AA1B516BCCEE10064D0DA /* Sources */,
				430AA1B616BCCEE10064D0DA /* Frameworks */,
				430AA1B716BCCEE10064D0DA /* Resources */,
				430AA1B816BCCEE10064D0DA /* ShellScript */,
			);
			buildRules = (
			);
			dependencies = (
				430AA1C016BCCEE10064D0DA /* PBXTargetDependency */,
			);
			name = MHackberrithonTests;
			productName = MHackberrithonTests;
			productReference = 430AA1BA16BCCEE10064D0DA /* MHackberrithonTests.octest */;
			productType = "com.apple.product-type.bundle";
		};
/* End PBXNativeTarget section */

/* Begin PBXProject section */
		430AA18A16BCCEE10064D0DA /* Project object */ = {
			isa = PBXProject;
			attributes = {
				CLASSPREFIX = MH;
				LastUpgradeCheck = 0450;
				ORGANIZATIONNAME = Hackberry;
			};
			buildConfigurationList = 430AA18D16BCCEE10064D0DA /* Build configuration list for PBXProject "MHackberrithon" */;
			compatibilityVersion = "Xcode 3.2";
			developmentRegion = English;
			hasScannedForEncodings = 0;
			knownRegions = (
				en,
			);
			mainGroup = 430AA18816BCCEE10064D0DA;
			productRefGroup = 430AA19416BCCEE10064D0DA /* Products */;
			projectDirPath = "";
			projectRoot = "";
			targets = (
				430AA19216BCCEE10064D0DA /* MHackberrithon */,
				430AA1B916BCCEE10064D0DA /* MHackberrithonTests */,
			);
		};
/* End PBXProject section */

/* Begin PBXResourcesBuildPhase section */
		430AA19116BCCEE10064D0DA /* Resources */ = {
			isa = PBXResourcesBuildPhase;
			buildActionMask = 2147483647;
			files = (
				430AA1A216BCCEE10064D0DA /* InfoPlist.strings in Resources */,
				430AA1AA16BCCEE10064D0DA /* Default.png in Resources */,
				430AA1AC16BCCEE10064D0DA /* Default@2x.png in Resources */,
				430AA1AE16BCCEE10064D0DA /* Default-568h@2x.png in Resources */,
				430AA1B116BCCEE10064D0DA /* MainStoryboard.storyboard in Resources */,
				FCCEAAF416BCE53D00317762 /* overlaygraphic.png in Resources */,
				FCCEAAF516BCE53D00317762 /* scanbutton.png in Resources */,
				FCCEAAF816BCECA600317762 /* eng.traineddata in Resources */,
				FCCEAAF916BCECA600317762 /* sample1.jpg in Resources */,
				430AA33916BCFDF60064D0DA /* FacebookSDKResources.bundle in Resources */,
				430AA35A16BD2B510064D0DA /* MHViewController.xib in Resources */,
				430AA36416BD2D090064D0DA /* MHLoginViewController.xib in Resources */,
				430AA37C16BD727A0064D0DA /* MHImageEditorViewController.xib in Resources */,
				430AA57016BE1D1C0064D0DA /* AppledocSettings.plist in Resources */,
				430AA57116BE1D1C0064D0DA /* RegenerateApiDocumentation in Resources */,
				430AA57216BE1D1C0064D0DA /* RegenerateCredits in Resources */,
			);
			runOnlyForDeploymentPostprocessing = 0;
		};
		430AA1B716BCCEE10064D0DA /* Resources */ = {
			isa = PBXResourcesBuildPhase;
			buildActionMask = 2147483647;
			files = (
				430AA1C616BCCEE10064D0DA /* InfoPlist.strings in Resources */,
			);
			runOnlyForDeploymentPostprocessing = 0;
		};
/* End PBXResourcesBuildPhase section */

/* Begin PBXShellScriptBuildPhase section */
		430AA1B816BCCEE10064D0DA /* ShellScript */ = {
			isa = PBXShellScriptBuildPhase;
			buildActionMask = 2147483647;
			files = (
			);
			inputPaths = (
			);
			outputPaths = (
			);
			runOnlyForDeploymentPostprocessing = 0;
			shellPath = /bin/sh;
			shellScript = "# Run the unit tests in this test bundle.\n\"${SYSTEM_DEVELOPER_DIR}/Tools/RunUnitTests\"\n";
		};
/* End PBXShellScriptBuildPhase section */

/* Begin PBXSourcesBuildPhase section */
		430AA18F16BCCEE10064D0DA /* Sources */ = {
			isa = PBXSourcesBuildPhase;
			buildActionMask = 2147483647;
			files = (
				430AA1A416BCCEE10064D0DA /* main.m in Sources */,
				430AA1A816BCCEE10064D0DA /* MHAppDelegate.m in Sources */,
				430AA1B416BCCEE10064D0DA /* MHViewController.m in Sources */,
				FCCEAAD316BCD40900317762 /* MHSmileyFace.m in Sources */,
				FCCEAAEF16BCE4FB00317762 /* HBOverlayView.m in Sources */,
				430AA32816BCEE500064D0DA /* Tesseract.mm in Sources */,
				FC926AA316BCF53E00D8EF00 /* MHImagePickerController.m in Sources */,
				430AA34616BD01EF0064D0DA /* MHLoginViewController.m in Sources */,
				FC78D47516BD6820005B3CFF /* MHCameraMaskView.m in Sources */,
				430AA37B16BD727A0064D0DA /* MHImageEditorViewController.m in Sources */,
				FC78D47816BD7441005B3CFF /* MHFreezeCameraButton.m in Sources */,
				FC78D47B16BD83B0005B3CFF /* MHBoxesView.m in Sources */,
				FC6B5D7D16BDE5D4003FE5A5 /* MHData.m in Sources */,
				FC6B5D8316BDE606003FE5A5 /* MHRetakeCameraButton.m in Sources */,
				FC6B5D8616BDE634003FE5A5 /* MHBox.m in Sources */,
				FC6B5D8916BDE657003FE5A5 /* MHWordLabel.m in Sources */,
				FC6B5D8C16BDF47E003FE5A5 /* MHInfoComplex.m in Sources */,
				FC6B5D8F16BE0AA4003FE5A5 /* MHConfirmButtons.m in Sources */,
				FC6B5D9216BE0ABE003FE5A5 /* MHRecognizedTextView.m in Sources */,
				430AA3DA16BE18A80064D0DA /* ASIAuthenticationDialog.m in Sources */,
				430AA3DB16BE18A80064D0DA /* ASIDataCompressor.m in Sources */,
				430AA3DC16BE18A80064D0DA /* ASIDataDecompressor.m in Sources */,
				430AA3DD16BE18A80064D0DA /* ASIDownloadCache.m in Sources */,
				430AA3DE16BE18A80064D0DA /* ASIFormDataRequest.m in Sources */,
				430AA3DF16BE18A80064D0DA /* ASIHTTPRequest.m in Sources */,
				430AA3E016BE18A80064D0DA /* ASIInputStream.m in Sources */,
				430AA3E116BE18A80064D0DA /* ASINetworkQueue.m in Sources */,
				430AA3E416BE18B90064D0DA /* Reachability.m in Sources */,
				430AA56616BE1D1C0064D0DA /* SBJsonParser.m in Sources */,
				430AA56716BE1D1C0064D0DA /* SBJsonStreamParser.m in Sources */,
				430AA56816BE1D1C0064D0DA /* SBJsonStreamParserAccumulator.m in Sources */,
				430AA56916BE1D1C0064D0DA /* SBJsonStreamParserAdapter.m in Sources */,
				430AA56A16BE1D1C0064D0DA /* SBJsonStreamParserState.m in Sources */,
				430AA56B16BE1D1C0064D0DA /* SBJsonStreamTokeniser.m in Sources */,
				430AA56C16BE1D1C0064D0DA /* SBJsonStreamWriter.m in Sources */,
				430AA56D16BE1D1C0064D0DA /* SBJsonStreamWriterAccumulator.m in Sources */,
				430AA56E16BE1D1C0064D0DA /* SBJsonStreamWriterState.m in Sources */,
				430AA56F16BE1D1C0064D0DA /* SBJsonWriter.m in Sources */,
				430AA6EB16BE42810064D0DA /* MHSearchButton.m in Sources */,
				430AA6EF16BE42910064D0DA /* MHTypeIndicator.m in Sources */,
				430AA6F216BE42B20064D0DA /* MHFacebookSearchView.m in Sources */,
			);
			runOnlyForDeploymentPostprocessing = 0;
		};
		430AA1B516BCCEE10064D0DA /* Sources */ = {
			isa = PBXSourcesBuildPhase;
			buildActionMask = 2147483647;
			files = (
				430AA1C916BCCEE10064D0DA /* MHackberrithonTests.m in Sources */,
			);
			runOnlyForDeploymentPostprocessing = 0;
		};
/* End PBXSourcesBuildPhase section */

/* Begin PBXTargetDependency section */
		430AA1C016BCCEE10064D0DA /* PBXTargetDependency */ = {
			isa = PBXTargetDependency;
			target = 430AA19216BCCEE10064D0DA /* MHackberrithon */;
			targetProxy = 430AA1BF16BCCEE10064D0DA /* PBXContainerItemProxy */;
		};
/* End PBXTargetDependency section */

/* Begin PBXVariantGroup section */
		430AA1A016BCCEE10064D0DA /* InfoPlist.strings */ = {
			isa = PBXVariantGroup;
			children = (
				430AA1A116BCCEE10064D0DA /* en */,
			);
			name = InfoPlist.strings;
			sourceTree = "<group>";
		};
		430AA1AF16BCCEE10064D0DA /* MainStoryboard.storyboard */ = {
			isa = PBXVariantGroup;
			children = (
				430AA1B016BCCEE10064D0DA /* en */,
			);
			name = MainStoryboard.storyboard;
			sourceTree = "<group>";
		};
		430AA1C416BCCEE10064D0DA /* InfoPlist.strings */ = {
			isa = PBXVariantGroup;
			children = (
				430AA1C516BCCEE10064D0DA /* en */,
			);
			name = InfoPlist.strings;
			sourceTree = "<group>";
		};
/* End PBXVariantGroup section */

/* Begin XCBuildConfiguration section */
		430AA1CA16BCCEE10064D0DA /* Debug */ = {
			isa = XCBuildConfiguration;
			buildSettings = {
				ALWAYS_SEARCH_USER_PATHS = NO;
				CLANG_CXX_LANGUAGE_STANDARD = "gnu++0x";
				CLANG_CXX_LIBRARY = "libc++";
				CLANG_ENABLE_OBJC_ARC = YES;
				CLANG_WARN_EMPTY_BODY = YES;
				CLANG_WARN__DUPLICATE_METHOD_MATCH = YES;
				"CODE_SIGN_IDENTITY[sdk=iphoneos*]" = "iPhone Developer";
				COPY_PHASE_STRIP = NO;
				GCC_C_LANGUAGE_STANDARD = gnu99;
				GCC_DYNAMIC_NO_PIC = NO;
				GCC_OPTIMIZATION_LEVEL = 0;
				GCC_PREPROCESSOR_DEFINITIONS = (
					"DEBUG=1",
					"$(inherited)",
				);
				GCC_SYMBOLS_PRIVATE_EXTERN = NO;
				GCC_WARN_ABOUT_RETURN_TYPE = YES;
				GCC_WARN_UNINITIALIZED_AUTOS = YES;
				GCC_WARN_UNUSED_VARIABLE = YES;
				IPHONEOS_DEPLOYMENT_TARGET = 6.0;
				ONLY_ACTIVE_ARCH = YES;
				SDKROOT = iphoneos;
			};
			name = Debug;
		};
		430AA1CB16BCCEE10064D0DA /* Release */ = {
			isa = XCBuildConfiguration;
			buildSettings = {
				ALWAYS_SEARCH_USER_PATHS = NO;
				CLANG_CXX_LANGUAGE_STANDARD = "gnu++0x";
				CLANG_CXX_LIBRARY = "libc++";
				CLANG_ENABLE_OBJC_ARC = YES;
				CLANG_WARN_EMPTY_BODY = YES;
				CLANG_WARN__DUPLICATE_METHOD_MATCH = YES;
				"CODE_SIGN_IDENTITY[sdk=iphoneos*]" = "iPhone Developer";
				COPY_PHASE_STRIP = YES;
				GCC_C_LANGUAGE_STANDARD = gnu99;
				GCC_WARN_ABOUT_RETURN_TYPE = YES;
				GCC_WARN_UNINITIALIZED_AUTOS = YES;
				GCC_WARN_UNUSED_VARIABLE = YES;
				IPHONEOS_DEPLOYMENT_TARGET = 6.0;
				OTHER_CFLAGS = "-DNS_BLOCK_ASSERTIONS=1";
				SDKROOT = iphoneos;
				VALIDATE_PRODUCT = YES;
			};
			name = Release;
		};
		430AA1CD16BCCEE10064D0DA /* Debug */ = {
			isa = XCBuildConfiguration;
			buildSettings = {
				CLANG_CXX_LIBRARY = "compiler-default";
				FRAMEWORK_SEARCH_PATHS = (
					"$(inherited)",
					"\"$(SRCROOT)\"",
				);
				GCC_PRECOMPILE_PREFIX_HEADER = YES;
				GCC_PREFIX_HEADER = "MHackberrithon/MHackberrithon-Prefix.pch";
				INFOPLIST_FILE = "MHackberrithon/MHackberrithon-Info.plist";
				IPHONEOS_DEPLOYMENT_TARGET = 5.1;
				LIBRARY_SEARCH_PATHS = (
					"$(inherited)",
					"\"$(SRCROOT)/lib\"",
				);
				OTHER_LDFLAGS = "-lsqlite3.0";
				PRODUCT_NAME = "$(TARGET_NAME)";
				WRAPPER_EXTENSION = app;
			};
			name = Debug;
		};
		430AA1CE16BCCEE10064D0DA /* Release */ = {
			isa = XCBuildConfiguration;
			buildSettings = {
				CLANG_CXX_LIBRARY = "compiler-default";
				FRAMEWORK_SEARCH_PATHS = (
					"$(inherited)",
					"\"$(SRCROOT)\"",
				);
				GCC_PRECOMPILE_PREFIX_HEADER = YES;
				GCC_PREFIX_HEADER = "MHackberrithon/MHackberrithon-Prefix.pch";
				INFOPLIST_FILE = "MHackberrithon/MHackberrithon-Info.plist";
				IPHONEOS_DEPLOYMENT_TARGET = 5.1;
				LIBRARY_SEARCH_PATHS = (
					"$(inherited)",
					"\"$(SRCROOT)/lib\"",
				);
				OTHER_LDFLAGS = "-lsqlite3.0";
				PRODUCT_NAME = "$(TARGET_NAME)";
				WRAPPER_EXTENSION = app;
			};
			name = Release;
		};
		430AA1D016BCCEE10064D0DA /* Debug */ = {
			isa = XCBuildConfiguration;
			buildSettings = {
				BUNDLE_LOADER = "$(BUILT_PRODUCTS_DIR)/MHackberrithon.app/MHackberrithon";
				FRAMEWORK_SEARCH_PATHS = (
					"\"$(SDKROOT)/Developer/Library/Frameworks\"",
					"\"$(DEVELOPER_LIBRARY_DIR)/Frameworks\"",
				);
				GCC_PRECOMPILE_PREFIX_HEADER = YES;
				GCC_PREFIX_HEADER = "MHackberrithon/MHackberrithon-Prefix.pch";
				INFOPLIST_FILE = "MHackberrithonTests/MHackberrithonTests-Info.plist";
				PRODUCT_NAME = "$(TARGET_NAME)";
				TEST_HOST = "$(BUNDLE_LOADER)";
				WRAPPER_EXTENSION = octest;
			};
			name = Debug;
		};
		430AA1D116BCCEE10064D0DA /* Release */ = {
			isa = XCBuildConfiguration;
			buildSettings = {
				BUNDLE_LOADER = "$(BUILT_PRODUCTS_DIR)/MHackberrithon.app/MHackberrithon";
				FRAMEWORK_SEARCH_PATHS = (
					"\"$(SDKROOT)/Developer/Library/Frameworks\"",
					"\"$(DEVELOPER_LIBRARY_DIR)/Frameworks\"",
				);
				GCC_PRECOMPILE_PREFIX_HEADER = YES;
				GCC_PREFIX_HEADER = "MHackberrithon/MHackberrithon-Prefix.pch";
				INFOPLIST_FILE = "MHackberrithonTests/MHackberrithonTests-Info.plist";
				PRODUCT_NAME = "$(TARGET_NAME)";
				TEST_HOST = "$(BUNDLE_LOADER)";
				WRAPPER_EXTENSION = octest;
			};
			name = Release;
		};
/* End XCBuildConfiguration section */

/* Begin XCConfigurationList section */
		430AA18D16BCCEE10064D0DA /* Build configuration list for PBXProject "MHackberrithon" */ = {
			isa = XCConfigurationList;
			buildConfigurations = (
				430AA1CA16BCCEE10064D0DA /* Debug */,
				430AA1CB16BCCEE10064D0DA /* Release */,
			);
			defaultConfigurationIsVisible = 0;
			defaultConfigurationName = Release;
		};
		430AA1CC16BCCEE10064D0DA /* Build configuration list for PBXNativeTarget "MHackberrithon" */ = {
			isa = XCConfigurationList;
			buildConfigurations = (
				430AA1CD16BCCEE10064D0DA /* Debug */,
				430AA1CE16BCCEE10064D0DA /* Release */,
			);
			defaultConfigurationIsVisible = 0;
			defaultConfigurationName = Release;
		};
		430AA1CF16BCCEE10064D0DA /* Build configuration list for PBXNativeTarget "MHackberrithonTests" */ = {
			isa = XCConfigurationList;
			buildConfigurations = (
				430AA1D016BCCEE10064D0DA /* Debug */,
				430AA1D116BCCEE10064D0DA /* Release */,
			);
			defaultConfigurationIsVisible = 0;
			defaultConfigurationName = Release;
		};
/* End XCConfigurationList section */
	};
	rootObject = 430AA18A16BCCEE10064D0DA /* Project object */;
}
